// !$*UTF8*$!
{
	archiveVersion = 1;
	classes = {
	};
	objectVersion = 46;
	objects = {

/* Begin PBXBuildFile section */
		264D36021CB7B08C0063918E /* NSArray+YDTableSectionView.m in Sources */ = {isa = PBXBuildFile; fileRef = 264D35A81CB7B08C0063918E /* NSArray+YDTableSectionView.m */; };
		264D36031CB7B08C0063918E /* NSObject+ARCRetainCount.m in Sources */ = {isa = PBXBuildFile; fileRef = 264D35AA1CB7B08C0063918E /* NSObject+ARCRetainCount.m */; };
		264D36041CB7B08C0063918E /* NSString+URLAction.m in Sources */ = {isa = PBXBuildFile; fileRef = 264D35AC1CB7B08C0063918E /* NSString+URLAction.m */; };
		264D36051CB7B08C0063918E /* UIImage+Blurry.m in Sources */ = {isa = PBXBuildFile; fileRef = 264D35AE1CB7B08C0063918E /* UIImage+Blurry.m */; };
		264D36061CB7B08C0063918E /* UIImage+File.m in Sources */ = {isa = PBXBuildFile; fileRef = 264D35B01CB7B08C0063918E /* UIImage+File.m */; };
		264D36071CB7B08C0063918E /* UIImage+Stretch.m in Sources */ = {isa = PBXBuildFile; fileRef = 264D35B21CB7B08C0063918E /* UIImage+Stretch.m */; };
		264D36081CB7B08C0063918E /* UIImageView+LBBlurredImage.m in Sources */ = {isa = PBXBuildFile; fileRef = 264D35B41CB7B08C0063918E /* UIImageView+LBBlurredImage.m */; };
		264D36091CB7B08C0063918E /* UINavigationController+IOS8.m in Sources */ = {isa = PBXBuildFile; fileRef = 264D35B61CB7B08C0063918E /* UINavigationController+IOS8.m */; };
		264D360A1CB7B08C0063918E /* UIView+ImageFromView.m in Sources */ = {isa = PBXBuildFile; fileRef = 264D35B81CB7B08C0063918E /* UIView+ImageFromView.m */; };
		264D360B1CB7B08C0063918E /* UIView+Sizes.m in Sources */ = {isa = PBXBuildFile; fileRef = 264D35BA1CB7B08C0063918E /* UIView+Sizes.m */; };
		264D360C1CB7B08C0063918E /* UIViewController+Navigation.m in Sources */ = {isa = PBXBuildFile; fileRef = 264D35BC1CB7B08C0063918E /* UIViewController+Navigation.m */; };
		264D36281CB7B08C0063918E /* UILabel+Helper.m in Sources */ = {isa = PBXBuildFile; fileRef = 264D35F91CB7B08C0063918E /* UILabel+Helper.m */; };
		264D363B1CB7B2240063918E /* AICustomizedMBProgressHud.m in Sources */ = {isa = PBXBuildFile; fileRef = 264D362E1CB7B2240063918E /* AICustomizedMBProgressHud.m */; };
		264D363C1CB7B2240063918E /* AIProgressView.m in Sources */ = {isa = PBXBuildFile; fileRef = 264D36301CB7B2240063918E /* AIProgressView.m */; };
		264D363D1CB7B2240063918E /* AISearchBar.m in Sources */ = {isa = PBXBuildFile; fileRef = 264D36321CB7B2240063918E /* AISearchBar.m */; };
		264D363E1CB7B2240063918E /* AITaskEmptyView.m in Sources */ = {isa = PBXBuildFile; fileRef = 264D36341CB7B2240063918E /* AITaskEmptyView.m */; };
		264D36401CB7B2240063918E /* AppStarView.m in Sources */ = {isa = PBXBuildFile; fileRef = 264D36381CB7B2240063918E /* AppStarView.m */; };
		264D36461CB7B22D0063918E /* JFAErrorView.m in Sources */ = {isa = PBXBuildFile; fileRef = 264D36431CB7B22D0063918E /* JFAErrorView.m */; };
		264D36471CB7B22D0063918E /* JFAFewCustom.m in Sources */ = {isa = PBXBuildFile; fileRef = 264D36451CB7B22D0063918E /* JFAFewCustom.m */; };
		264D36911CB7B2390063918E /* JFANetworkErrorView.m in Sources */ = {isa = PBXBuildFile; fileRef = 264D36491CB7B2390063918E /* JFANetworkErrorView.m */; };
		264D36921CB7B2390063918E /* JFASubNetWorkErrorView.m in Sources */ = {isa = PBXBuildFile; fileRef = 264D364B1CB7B2390063918E /* JFASubNetWorkErrorView.m */; };
		264D36931CB7B2390063918E /* JFATableViewCell.m in Sources */ = {isa = PBXBuildFile; fileRef = 264D364D1CB7B2390063918E /* JFATableViewCell.m */; };
		264D36941CB7B2390063918E /* MBProgressHUD.m in Sources */ = {isa = PBXBuildFile; fileRef = 264D364F1CB7B2390063918E /* MBProgressHUD.m */; settings = {COMPILER_FLAGS = "-fno-objc-arc"; }; };
		264D36951CB7B2390063918E /* NavigationBarTitleView.m in Sources */ = {isa = PBXBuildFile; fileRef = 264D36511CB7B2390063918E /* NavigationBarTitleView.m */; };
		264D36961CB7B2390063918E /* ServiceResultErrorView.m in Sources */ = {isa = PBXBuildFile; fileRef = 264D36531CB7B2390063918E /* ServiceResultErrorView.m */; };
		264D36971CB7B2390063918E /* SMPageControl.m in Sources */ = {isa = PBXBuildFile; fileRef = 264D36551CB7B2390063918E /* SMPageControl.m */; };
		264D36981CB7B2390063918E /* XCollectionEmptyView.m in Sources */ = {isa = PBXBuildFile; fileRef = 264D36571CB7B2390063918E /* XCollectionEmptyView.m */; };
		264D36991CB7B2390063918E /* XCollectionView.m in Sources */ = {isa = PBXBuildFile; fileRef = 264D36591CB7B2390063918E /* XCollectionView.m */; };
		264D369A1CB7B2390063918E /* XCollectionViewCell.m in Sources */ = {isa = PBXBuildFile; fileRef = 264D365B1CB7B2390063918E /* XCollectionViewCell.m */; };
		264D369B1CB7B2390063918E /* XCollectionViewCellItem.m in Sources */ = {isa = PBXBuildFile; fileRef = 264D365D1CB7B2390063918E /* XCollectionViewCellItem.m */; };
		264D369C1CB7B2390063918E /* XCollectionViewController.m in Sources */ = {isa = PBXBuildFile; fileRef = 264D365F1CB7B2390063918E /* XCollectionViewController.m */; };
		264D369D1CB7B2390063918E /* XCollectionViewFlowLayout.m in Sources */ = {isa = PBXBuildFile; fileRef = 264D36621CB7B2390063918E /* XCollectionViewFlowLayout.m */; };
		264D369E1CB7B2390063918E /* XDatePickerView.m in Sources */ = {isa = PBXBuildFile; fileRef = 264D36641CB7B2390063918E /* XDatePickerView.m */; };
		264D36A11CB7B2390063918E /* XListTableViewController.m in Sources */ = {isa = PBXBuildFile; fileRef = 264D366A1CB7B2390063918E /* XListTableViewController.m */; };
		264D36A21CB7B2390063918E /* XNavigationBar.m in Sources */ = {isa = PBXBuildFile; fileRef = 264D366C1CB7B2390063918E /* XNavigationBar.m */; };
		264D36A31CB7B2390063918E /* XNavigationBarButton.m in Sources */ = {isa = PBXBuildFile; fileRef = 264D366E1CB7B2390063918E /* XNavigationBarButton.m */; };
		264D36A41CB7B2390063918E /* XNavigationController.m in Sources */ = {isa = PBXBuildFile; fileRef = 264D36701CB7B2390063918E /* XNavigationController.m */; };
		264D36A51CB7B2390063918E /* XNavigator.m in Sources */ = {isa = PBXBuildFile; fileRef = 264D36721CB7B2390063918E /* XNavigator.m */; };
		264D36A71CB7B2390063918E /* XPopoverView.m in Sources */ = {isa = PBXBuildFile; fileRef = 264D36761CB7B2390063918E /* XPopoverView.m */; };
		264D36A81CB7B2390063918E /* XPopOverWindow.m in Sources */ = {isa = PBXBuildFile; fileRef = 264D36781CB7B2390063918E /* XPopOverWindow.m */; };
		264D36A91CB7B2390063918E /* XPRLMCollectionViewController.m in Sources */ = {isa = PBXBuildFile; fileRef = 264D367A1CB7B2390063918E /* XPRLMCollectionViewController.m */; };
		264D36AB1CB7B2390063918E /* XPullToRefreshView.m in Sources */ = {isa = PBXBuildFile; fileRef = 264D367E1CB7B2390063918E /* XPullToRefreshView.m */; };
		264D36AC1CB7B2390063918E /* XTableCellGroupStyleItem.m in Sources */ = {isa = PBXBuildFile; fileRef = 264D36801CB7B2390063918E /* XTableCellGroupStyleItem.m */; };
		264D36AD1CB7B2390063918E /* XTableEmptyView.m in Sources */ = {isa = PBXBuildFile; fileRef = 264D36821CB7B2390063918E /* XTableEmptyView.m */; };
		264D36AE1CB7B2390063918E /* XTableLoadMoreView.m in Sources */ = {isa = PBXBuildFile; fileRef = 264D36841CB7B2390063918E /* XTableLoadMoreView.m */; };
		264D36AF1CB7B2390063918E /* XTableView.m in Sources */ = {isa = PBXBuildFile; fileRef = 264D36861CB7B2390063918E /* XTableView.m */; };
		264D36B01CB7B2390063918E /* XTableViewCell.m in Sources */ = {isa = PBXBuildFile; fileRef = 264D36881CB7B2390063918E /* XTableViewCell.m */; };
		264D36B11CB7B2390063918E /* XTableViewCellItem.m in Sources */ = {isa = PBXBuildFile; fileRef = 264D368A1CB7B2390063918E /* XTableViewCellItem.m */; };
		264D36B21CB7B2390063918E /* XTableViewController.m in Sources */ = {isa = PBXBuildFile; fileRef = 264D368C1CB7B2390063918E /* XTableViewController.m */; };
		264D36B41CB7B2390063918E /* XViewController.m in Sources */ = {isa = PBXBuildFile; fileRef = 264D36901CB7B2390063918E /* XViewController.m */; };
		264D36E21CB7B8010063918E /* AIMediaPlayMP4.m in Sources */ = {isa = PBXBuildFile; fileRef = 264D36CB1CB7B8010063918E /* AIMediaPlayMP4.m */; };
		264D36E31CB7B8010063918E /* AIViewFactory.m in Sources */ = {isa = PBXBuildFile; fileRef = 264D36CD1CB7B8010063918E /* AIViewFactory.m */; };
		264D36E41CB7B8010063918E /* App.m in Sources */ = {isa = PBXBuildFile; fileRef = 264D36CF1CB7B8010063918E /* App.m */; };
		264D36E51CB7B8010063918E /* JFABaseService.m in Sources */ = {isa = PBXBuildFile; fileRef = 264D36D11CB7B8010063918E /* JFABaseService.m */; };
		264D36E61CB7B8010063918E /* JFASubApps.m in Sources */ = {isa = PBXBuildFile; fileRef = 264D36D31CB7B8010063918E /* JFASubApps.m */; };
		264D36E71CB7B8010063918E /* SearchManager.m in Sources */ = {isa = PBXBuildFile; fileRef = 264D36D51CB7B8010063918E /* SearchManager.m */; };
		264D36E81CB7B8010063918E /* SearchText.m in Sources */ = {isa = PBXBuildFile; fileRef = 264D36D71CB7B8010063918E /* SearchText.m */; };
		264D36E91CB7B8010063918E /* XFont.m in Sources */ = {isa = PBXBuildFile; fileRef = 264D36D91CB7B8010063918E /* XFont.m */; };
		264D36EA1CB7B8010063918E /* XImageCache.m in Sources */ = {isa = PBXBuildFile; fileRef = 264D36DB1CB7B8010063918E /* XImageCache.m */; };
		264D36EB1CB7B8010063918E /* XObject.m in Sources */ = {isa = PBXBuildFile; fileRef = 264D36DD1CB7B8010063918E /* XObject.m */; };
		264D36EC1CB7B8010063918E /* XPRLMWrapper.m in Sources */ = {isa = PBXBuildFile; fileRef = 264D36DF1CB7B8010063918E /* XPRLMWrapper.m */; };
		264D36ED1CB7B8010063918E /* XThread.m in Sources */ = {isa = PBXBuildFile; fileRef = 264D36E11CB7B8010063918E /* XThread.m */; };
		5ED6D868C450B939D43498F4 /* libPods-JFABaseKitTests.a in Frameworks */ = {isa = PBXBuildFile; fileRef = 4F86E188E4F15D6EB7203AF7 /* libPods-JFABaseKitTests.a */; };
		AECA0A4A5E51EE27F2509120 /* libPods-JFABaseKit.a in Frameworks */ = {isa = PBXBuildFile; fileRef = DF39044B7C43C1F6487FC6C2 /* libPods-JFABaseKit.a */; };
		F8E147DF1B8EBBE7008ACE01 /* main.m in Sources */ = {isa = PBXBuildFile; fileRef = F8E147DE1B8EBBE7008ACE01 /* main.m */; };
		F8E147E21B8EBBE8008ACE01 /* AppDelegate.m in Sources */ = {isa = PBXBuildFile; fileRef = F8E147E11B8EBBE8008ACE01 /* AppDelegate.m */; };
		F8E147E51B8EBBE8008ACE01 /* ViewController.m in Sources */ = {isa = PBXBuildFile; fileRef = F8E147E41B8EBBE8008ACE01 /* ViewController.m */; };
		F8E147E81B8EBBE8008ACE01 /* Main.storyboard in Resources */ = {isa = PBXBuildFile; fileRef = F8E147E61B8EBBE8008ACE01 /* Main.storyboard */; };
		F8E147EA1B8EBBE8008ACE01 /* Images.xcassets in Resources */ = {isa = PBXBuildFile; fileRef = F8E147E91B8EBBE8008ACE01 /* Images.xcassets */; };
		F8E147ED1B8EBBE8008ACE01 /* LaunchScreen.xib in Resources */ = {isa = PBXBuildFile; fileRef = F8E147EB1B8EBBE8008ACE01 /* LaunchScreen.xib */; };
		F8E147F91B8EBBE8008ACE01 /* JFABaseKitTests.m in Sources */ = {isa = PBXBuildFile; fileRef = F8E147F81B8EBBE8008ACE01 /* JFABaseKitTests.m */; };
		F8E1485F1B8EEFB0008ACE01 /* JFATableCellItem.m in Sources */ = {isa = PBXBuildFile; fileRef = F8E1485C1B8EEFB0008ACE01 /* JFATableCellItem.m */; };
		F8E148601B8EEFB0008ACE01 /* JFATableGroupCellItem.m in Sources */ = {isa = PBXBuildFile; fileRef = F8E1485E1B8EEFB0008ACE01 /* JFATableGroupCellItem.m */; };
		F8E148691B8EEFC2008ACE01 /* JFABaseNavController.m in Sources */ = {isa = PBXBuildFile; fileRef = F8E148621B8EEFC2008ACE01 /* JFABaseNavController.m */; };
		F8E1486A1B8EEFC2008ACE01 /* JFABaseTableGroupViewController.m in Sources */ = {isa = PBXBuildFile; fileRef = F8E148641B8EEFC2008ACE01 /* JFABaseTableGroupViewController.m */; };
		F8E1486B1B8EEFC2008ACE01 /* JFABaseTableViewController.m in Sources */ = {isa = PBXBuildFile; fileRef = F8E148661B8EEFC2008ACE01 /* JFABaseTableViewController.m */; };
		F8E1486C1B8EEFC2008ACE01 /* JFABaseViewController.m in Sources */ = {isa = PBXBuildFile; fileRef = F8E148681B8EEFC2008ACE01 /* JFABaseViewController.m */; };
		F8E148751B8EF830008ACE01 /* UIColor+JFAExtend.m in Sources */ = {isa = PBXBuildFile; fileRef = F8E148741B8EF830008ACE01 /* UIColor+JFAExtend.m */; };
		F8E148781B8EFB7F008ACE01 /* NSDictionary+JFASafeObject.m in Sources */ = {isa = PBXBuildFile; fileRef = F8E148771B8EFB7F008ACE01 /* NSDictionary+JFASafeObject.m */; };
		F8E1487B1B8F00F9008ACE01 /* NSMutableDictionary+JFASafeObject.m in Sources */ = {isa = PBXBuildFile; fileRef = F8E1487A1B8F00F9008ACE01 /* NSMutableDictionary+JFASafeObject.m */; };
		F8E148831B8F34CA008ACE01 /* JFANetWorkService.m in Sources */ = {isa = PBXBuildFile; fileRef = F8E148821B8F34CA008ACE01 /* JFANetWorkService.m */; };
		F8E148861B8FF117008ACE01 /* NSString+JFAExtend.m in Sources */ = {isa = PBXBuildFile; fileRef = F8E148851B8FF117008ACE01 /* NSString+JFAExtend.m */; };
		F8E1488E1B8FF5D1008ACE01 /* JFACustomView.m in Sources */ = {isa = PBXBuildFile; fileRef = F8E1488D1B8FF5D1008ACE01 /* JFACustomView.m */; };
		F8E148911B8FF5FD008ACE01 /* JFALoadingView.m in Sources */ = {isa = PBXBuildFile; fileRef = F8E148901B8FF5FD008ACE01 /* JFALoadingView.m */; };
/* End PBXBuildFile section */

/* Begin PBXContainerItemProxy section */
		F8E147F31B8EBBE8008ACE01 /* PBXContainerItemProxy */ = {
			isa = PBXContainerItemProxy;
			containerPortal = F8E147D11B8EBBE7008ACE01 /* Project object */;
			proxyType = 1;
			remoteGlobalIDString = F8E147D81B8EBBE7008ACE01;
			remoteInfo = JFABaseKit;
		};
/* End PBXContainerItemProxy section */

/* Begin PBXFileReference section */
		264D35A71CB7B08C0063918E /* NSArray+YDTableSectionView.h */ = {isa = PBXFileReference; fileEncoding = 4; lastKnownFileType = sourcecode.c.h; path = "NSArray+YDTableSectionView.h"; sourceTree = "<group>"; };
		264D35A81CB7B08C0063918E /* NSArray+YDTableSectionView.m */ = {isa = PBXFileReference; fileEncoding = 4; lastKnownFileType = sourcecode.c.objc; path = "NSArray+YDTableSectionView.m"; sourceTree = "<group>"; };
		264D35A91CB7B08C0063918E /* NSObject+ARCRetainCount.h */ = {isa = PBXFileReference; fileEncoding = 4; lastKnownFileType = sourcecode.c.h; path = "NSObject+ARCRetainCount.h"; sourceTree = "<group>"; };
		264D35AA1CB7B08C0063918E /* NSObject+ARCRetainCount.m */ = {isa = PBXFileReference; fileEncoding = 4; lastKnownFileType = sourcecode.c.objc; path = "NSObject+ARCRetainCount.m"; sourceTree = "<group>"; };
		264D35AB1CB7B08C0063918E /* NSString+URLAction.h */ = {isa = PBXFileReference; fileEncoding = 4; lastKnownFileType = sourcecode.c.h; path = "NSString+URLAction.h"; sourceTree = "<group>"; };
		264D35AC1CB7B08C0063918E /* NSString+URLAction.m */ = {isa = PBXFileReference; fileEncoding = 4; lastKnownFileType = sourcecode.c.objc; path = "NSString+URLAction.m"; sourceTree = "<group>"; };
		264D35AD1CB7B08C0063918E /* UIImage+Blurry.h */ = {isa = PBXFileReference; fileEncoding = 4; lastKnownFileType = sourcecode.c.h; path = "UIImage+Blurry.h"; sourceTree = "<group>"; };
		264D35AE1CB7B08C0063918E /* UIImage+Blurry.m */ = {isa = PBXFileReference; fileEncoding = 4; lastKnownFileType = sourcecode.c.objc; path = "UIImage+Blurry.m"; sourceTree = "<group>"; };
		264D35AF1CB7B08C0063918E /* UIImage+File.h */ = {isa = PBXFileReference; fileEncoding = 4; lastKnownFileType = sourcecode.c.h; path = "UIImage+File.h"; sourceTree = "<group>"; };
		264D35B01CB7B08C0063918E /* UIImage+File.m */ = {isa = PBXFileReference; fileEncoding = 4; lastKnownFileType = sourcecode.c.objc; path = "UIImage+File.m"; sourceTree = "<group>"; };
		264D35B11CB7B08C0063918E /* UIImage+Stretch.h */ = {isa = PBXFileReference; fileEncoding = 4; lastKnownFileType = sourcecode.c.h; path = "UIImage+Stretch.h"; sourceTree = "<group>"; };
		264D35B21CB7B08C0063918E /* UIImage+Stretch.m */ = {isa = PBXFileReference; fileEncoding = 4; lastKnownFileType = sourcecode.c.objc; path = "UIImage+Stretch.m"; sourceTree = "<group>"; };
		264D35B31CB7B08C0063918E /* UIImageView+LBBlurredImage.h */ = {isa = PBXFileReference; fileEncoding = 4; lastKnownFileType = sourcecode.c.h; path = "UIImageView+LBBlurredImage.h"; sourceTree = "<group>"; };
		264D35B41CB7B08C0063918E /* UIImageView+LBBlurredImage.m */ = {isa = PBXFileReference; fileEncoding = 4; lastKnownFileType = sourcecode.c.objc; path = "UIImageView+LBBlurredImage.m"; sourceTree = "<group>"; };
		264D35B51CB7B08C0063918E /* UINavigationController+IOS8.h */ = {isa = PBXFileReference; fileEncoding = 4; lastKnownFileType = sourcecode.c.h; path = "UINavigationController+IOS8.h"; sourceTree = "<group>"; };
		264D35B61CB7B08C0063918E /* UINavigationController+IOS8.m */ = {isa = PBXFileReference; fileEncoding = 4; lastKnownFileType = sourcecode.c.objc; path = "UINavigationController+IOS8.m"; sourceTree = "<group>"; };
		264D35B71CB7B08C0063918E /* UIView+ImageFromView.h */ = {isa = PBXFileReference; fileEncoding = 4; lastKnownFileType = sourcecode.c.h; path = "UIView+ImageFromView.h"; sourceTree = "<group>"; };
		264D35B81CB7B08C0063918E /* UIView+ImageFromView.m */ = {isa = PBXFileReference; fileEncoding = 4; lastKnownFileType = sourcecode.c.objc; path = "UIView+ImageFromView.m"; sourceTree = "<group>"; };
		264D35B91CB7B08C0063918E /* UIView+Sizes.h */ = {isa = PBXFileReference; fileEncoding = 4; lastKnownFileType = sourcecode.c.h; path = "UIView+Sizes.h"; sourceTree = "<group>"; };
		264D35BA1CB7B08C0063918E /* UIView+Sizes.m */ = {isa = PBXFileReference; fileEncoding = 4; lastKnownFileType = sourcecode.c.objc; path = "UIView+Sizes.m"; sourceTree = "<group>"; };
		264D35BB1CB7B08C0063918E /* UIViewController+Navigation.h */ = {isa = PBXFileReference; fileEncoding = 4; lastKnownFileType = sourcecode.c.h; path = "UIViewController+Navigation.h"; sourceTree = "<group>"; };
		264D35BC1CB7B08C0063918E /* UIViewController+Navigation.m */ = {isa = PBXFileReference; fileEncoding = 4; lastKnownFileType = sourcecode.c.objc; path = "UIViewController+Navigation.m"; sourceTree = "<group>"; };
		264D35BF1CB7B08C0063918E /* XBase.h */ = {isa = PBXFileReference; fileEncoding = 4; lastKnownFileType = sourcecode.c.h; path = XBase.h; sourceTree = "<group>"; };
		264D35DF1CB7B08C0063918E /* XPRLMDelegate.h */ = {isa = PBXFileReference; fileEncoding = 4; lastKnownFileType = sourcecode.c.h; path = XPRLMDelegate.h; sourceTree = "<group>"; };
		264D35E01CB7B08C0063918E /* XPRLMState.h */ = {isa = PBXFileReference; fileEncoding = 4; lastKnownFileType = sourcecode.c.h; path = XPRLMState.h; sourceTree = "<group>"; };
		264D35F51CB7B08C0063918E /* YDTableViewDelegate.h */ = {isa = PBXFileReference; fileEncoding = 4; lastKnownFileType = sourcecode.c.h; path = YDTableViewDelegate.h; sourceTree = "<group>"; };
		264D35F81CB7B08C0063918E /* UILabel+Helper.h */ = {isa = PBXFileReference; fileEncoding = 4; lastKnownFileType = sourcecode.c.h; path = "UILabel+Helper.h"; sourceTree = "<group>"; };
		264D35F91CB7B08C0063918E /* UILabel+Helper.m */ = {isa = PBXFileReference; fileEncoding = 4; lastKnownFileType = sourcecode.c.objc; path = "UILabel+Helper.m"; sourceTree = "<group>"; };
		264D362D1CB7B2240063918E /* AICustomizedMBProgressHud.h */ = {isa = PBXFileReference; fileEncoding = 4; lastKnownFileType = sourcecode.c.h; path = AICustomizedMBProgressHud.h; sourceTree = "<group>"; };
		264D362E1CB7B2240063918E /* AICustomizedMBProgressHud.m */ = {isa = PBXFileReference; fileEncoding = 4; lastKnownFileType = sourcecode.c.objc; path = AICustomizedMBProgressHud.m; sourceTree = "<group>"; };
		264D362F1CB7B2240063918E /* AIProgressView.h */ = {isa = PBXFileReference; fileEncoding = 4; lastKnownFileType = sourcecode.c.h; path = AIProgressView.h; sourceTree = "<group>"; };
		264D36301CB7B2240063918E /* AIProgressView.m */ = {isa = PBXFileReference; fileEncoding = 4; lastKnownFileType = sourcecode.c.objc; path = AIProgressView.m; sourceTree = "<group>"; };
		264D36311CB7B2240063918E /* AISearchBar.h */ = {isa = PBXFileReference; fileEncoding = 4; lastKnownFileType = sourcecode.c.h; path = AISearchBar.h; sourceTree = "<group>"; };
		264D36321CB7B2240063918E /* AISearchBar.m */ = {isa = PBXFileReference; fileEncoding = 4; lastKnownFileType = sourcecode.c.objc; path = AISearchBar.m; sourceTree = "<group>"; };
		264D36331CB7B2240063918E /* AITaskEmptyView.h */ = {isa = PBXFileReference; fileEncoding = 4; lastKnownFileType = sourcecode.c.h; path = AITaskEmptyView.h; sourceTree = "<group>"; };
		264D36341CB7B2240063918E /* AITaskEmptyView.m */ = {isa = PBXFileReference; fileEncoding = 4; lastKnownFileType = sourcecode.c.objc; path = AITaskEmptyView.m; sourceTree = "<group>"; };
		264D36371CB7B2240063918E /* AppStarView.h */ = {isa = PBXFileReference; fileEncoding = 4; lastKnownFileType = sourcecode.c.h; path = AppStarView.h; sourceTree = "<group>"; };
		264D36381CB7B2240063918E /* AppStarView.m */ = {isa = PBXFileReference; fileEncoding = 4; lastKnownFileType = sourcecode.c.objc; path = AppStarView.m; sourceTree = "<group>"; };
		264D36421CB7B22D0063918E /* JFAErrorView.h */ = {isa = PBXFileReference; fileEncoding = 4; lastKnownFileType = sourcecode.c.h; path = JFAErrorView.h; sourceTree = "<group>"; };
		264D36431CB7B22D0063918E /* JFAErrorView.m */ = {isa = PBXFileReference; fileEncoding = 4; lastKnownFileType = sourcecode.c.objc; path = JFAErrorView.m; sourceTree = "<group>"; };
		264D36441CB7B22D0063918E /* JFAFewCustom.h */ = {isa = PBXFileReference; fileEncoding = 4; lastKnownFileType = sourcecode.c.h; path = JFAFewCustom.h; sourceTree = "<group>"; };
		264D36451CB7B22D0063918E /* JFAFewCustom.m */ = {isa = PBXFileReference; fileEncoding = 4; lastKnownFileType = sourcecode.c.objc; path = JFAFewCustom.m; sourceTree = "<group>"; };
		264D36481CB7B2390063918E /* JFANetworkErrorView.h */ = {isa = PBXFileReference; fileEncoding = 4; lastKnownFileType = sourcecode.c.h; path = JFANetworkErrorView.h; sourceTree = "<group>"; };
		264D36491CB7B2390063918E /* JFANetworkErrorView.m */ = {isa = PBXFileReference; fileEncoding = 4; lastKnownFileType = sourcecode.c.objc; path = JFANetworkErrorView.m; sourceTree = "<group>"; };
		264D364A1CB7B2390063918E /* JFASubNetWorkErrorView.h */ = {isa = PBXFileReference; fileEncoding = 4; lastKnownFileType = sourcecode.c.h; path = JFASubNetWorkErrorView.h; sourceTree = "<group>"; };
		264D364B1CB7B2390063918E /* JFASubNetWorkErrorView.m */ = {isa = PBXFileReference; fileEncoding = 4; lastKnownFileType = sourcecode.c.objc; path = JFASubNetWorkErrorView.m; sourceTree = "<group>"; };
		264D364C1CB7B2390063918E /* JFATableViewCell.h */ = {isa = PBXFileReference; fileEncoding = 4; lastKnownFileType = sourcecode.c.h; path = JFATableViewCell.h; sourceTree = "<group>"; };
		264D364D1CB7B2390063918E /* JFATableViewCell.m */ = {isa = PBXFileReference; fileEncoding = 4; lastKnownFileType = sourcecode.c.objc; path = JFATableViewCell.m; sourceTree = "<group>"; };
		264D364E1CB7B2390063918E /* MBProgressHUD.h */ = {isa = PBXFileReference; fileEncoding = 4; lastKnownFileType = sourcecode.c.h; path = MBProgressHUD.h; sourceTree = "<group>"; };
		264D364F1CB7B2390063918E /* MBProgressHUD.m */ = {isa = PBXFileReference; fileEncoding = 4; lastKnownFileType = sourcecode.c.objc; path = MBProgressHUD.m; sourceTree = "<group>"; };
		264D36501CB7B2390063918E /* NavigationBarTitleView.h */ = {isa = PBXFileReference; fileEncoding = 4; lastKnownFileType = sourcecode.c.h; path = NavigationBarTitleView.h; sourceTree = "<group>"; };
		264D36511CB7B2390063918E /* NavigationBarTitleView.m */ = {isa = PBXFileReference; fileEncoding = 4; lastKnownFileType = sourcecode.c.objc; path = NavigationBarTitleView.m; sourceTree = "<group>"; };
		264D36521CB7B2390063918E /* ServiceResultErrorView.h */ = {isa = PBXFileReference; fileEncoding = 4; lastKnownFileType = sourcecode.c.h; path = ServiceResultErrorView.h; sourceTree = "<group>"; };
		264D36531CB7B2390063918E /* ServiceResultErrorView.m */ = {isa = PBXFileReference; fileEncoding = 4; lastKnownFileType = sourcecode.c.objc; path = ServiceResultErrorView.m; sourceTree = "<group>"; };
		264D36541CB7B2390063918E /* SMPageControl.h */ = {isa = PBXFileReference; fileEncoding = 4; lastKnownFileType = sourcecode.c.h; path = SMPageControl.h; sourceTree = "<group>"; };
		264D36551CB7B2390063918E /* SMPageControl.m */ = {isa = PBXFileReference; fileEncoding = 4; lastKnownFileType = sourcecode.c.objc; path = SMPageControl.m; sourceTree = "<group>"; };
		264D36561CB7B2390063918E /* XCollectionEmptyView.h */ = {isa = PBXFileReference; fileEncoding = 4; lastKnownFileType = sourcecode.c.h; path = XCollectionEmptyView.h; sourceTree = "<group>"; };
		264D36571CB7B2390063918E /* XCollectionEmptyView.m */ = {isa = PBXFileReference; fileEncoding = 4; lastKnownFileType = sourcecode.c.objc; path = XCollectionEmptyView.m; sourceTree = "<group>"; };
		264D36581CB7B2390063918E /* XCollectionView.h */ = {isa = PBXFileReference; fileEncoding = 4; lastKnownFileType = sourcecode.c.h; path = XCollectionView.h; sourceTree = "<group>"; };
		264D36591CB7B2390063918E /* XCollectionView.m */ = {isa = PBXFileReference; fileEncoding = 4; lastKnownFileType = sourcecode.c.objc; path = XCollectionView.m; sourceTree = "<group>"; };
		264D365A1CB7B2390063918E /* XCollectionViewCell.h */ = {isa = PBXFileReference; fileEncoding = 4; lastKnownFileType = sourcecode.c.h; path = XCollectionViewCell.h; sourceTree = "<group>"; };
		264D365B1CB7B2390063918E /* XCollectionViewCell.m */ = {isa = PBXFileReference; fileEncoding = 4; lastKnownFileType = sourcecode.c.objc; path = XCollectionViewCell.m; sourceTree = "<group>"; };
		264D365C1CB7B2390063918E /* XCollectionViewCellItem.h */ = {isa = PBXFileReference; fileEncoding = 4; lastKnownFileType = sourcecode.c.h; path = XCollectionViewCellItem.h; sourceTree = "<group>"; };
		264D365D1CB7B2390063918E /* XCollectionViewCellItem.m */ = {isa = PBXFileReference; fileEncoding = 4; lastKnownFileType = sourcecode.c.objc; path = XCollectionViewCellItem.m; sourceTree = "<group>"; };
		264D365E1CB7B2390063918E /* XCollectionViewController.h */ = {isa = PBXFileReference; fileEncoding = 4; lastKnownFileType = sourcecode.c.h; path = XCollectionViewController.h; sourceTree = "<group>"; };
		264D365F1CB7B2390063918E /* XCollectionViewController.m */ = {isa = PBXFileReference; fileEncoding = 4; lastKnownFileType = sourcecode.c.objc; path = XCollectionViewController.m; sourceTree = "<group>"; };
		264D36601CB7B2390063918E /* XCollectionViewDelegate.h */ = {isa = PBXFileReference; fileEncoding = 4; lastKnownFileType = sourcecode.c.h; path = XCollectionViewDelegate.h; sourceTree = "<group>"; };
		264D36611CB7B2390063918E /* XCollectionViewFlowLayout.h */ = {isa = PBXFileReference; fileEncoding = 4; lastKnownFileType = sourcecode.c.h; path = XCollectionViewFlowLayout.h; sourceTree = "<group>"; };
		264D36621CB7B2390063918E /* XCollectionViewFlowLayout.m */ = {isa = PBXFileReference; fileEncoding = 4; lastKnownFileType = sourcecode.c.objc; path = XCollectionViewFlowLayout.m; sourceTree = "<group>"; };
		264D36631CB7B2390063918E /* XDatePickerView.h */ = {isa = PBXFileReference; fileEncoding = 4; lastKnownFileType = sourcecode.c.h; path = XDatePickerView.h; sourceTree = "<group>"; };
		264D36641CB7B2390063918E /* XDatePickerView.m */ = {isa = PBXFileReference; fileEncoding = 4; lastKnownFileType = sourcecode.c.objc; path = XDatePickerView.m; sourceTree = "<group>"; };
		264D36691CB7B2390063918E /* XListTableViewController.h */ = {isa = PBXFileReference; fileEncoding = 4; lastKnownFileType = sourcecode.c.h; path = XListTableViewController.h; sourceTree = "<group>"; };
		264D366A1CB7B2390063918E /* XListTableViewController.m */ = {isa = PBXFileReference; fileEncoding = 4; lastKnownFileType = sourcecode.c.objc; path = XListTableViewController.m; sourceTree = "<group>"; };
		264D366B1CB7B2390063918E /* XNavigationBar.h */ = {isa = PBXFileReference; fileEncoding = 4; lastKnownFileType = sourcecode.c.h; path = XNavigationBar.h; sourceTree = "<group>"; };
		264D366C1CB7B2390063918E /* XNavigationBar.m */ = {isa = PBXFileReference; fileEncoding = 4; lastKnownFileType = sourcecode.c.objc; path = XNavigationBar.m; sourceTree = "<group>"; };
		264D366D1CB7B2390063918E /* XNavigationBarButton.h */ = {isa = PBXFileReference; fileEncoding = 4; lastKnownFileType = sourcecode.c.h; path = XNavigationBarButton.h; sourceTree = "<group>"; };
		264D366E1CB7B2390063918E /* XNavigationBarButton.m */ = {isa = PBXFileReference; fileEncoding = 4; lastKnownFileType = sourcecode.c.objc; path = XNavigationBarButton.m; sourceTree = "<group>"; };
		264D366F1CB7B2390063918E /* XNavigationController.h */ = {isa = PBXFileReference; fileEncoding = 4; lastKnownFileType = sourcecode.c.h; path = XNavigationController.h; sourceTree = "<group>"; };
		264D36701CB7B2390063918E /* XNavigationController.m */ = {isa = PBXFileReference; fileEncoding = 4; lastKnownFileType = sourcecode.c.objc; path = XNavigationController.m; sourceTree = "<group>"; };
		264D36711CB7B2390063918E /* XNavigator.h */ = {isa = PBXFileReference; fileEncoding = 4; lastKnownFileType = sourcecode.c.h; path = XNavigator.h; sourceTree = "<group>"; };
		264D36721CB7B2390063918E /* XNavigator.m */ = {isa = PBXFileReference; fileEncoding = 4; lastKnownFileType = sourcecode.c.objc; path = XNavigator.m; sourceTree = "<group>"; };
		264D36751CB7B2390063918E /* XPopoverView.h */ = {isa = PBXFileReference; fileEncoding = 4; lastKnownFileType = sourcecode.c.h; path = XPopoverView.h; sourceTree = "<group>"; };
		264D36761CB7B2390063918E /* XPopoverView.m */ = {isa = PBXFileReference; fileEncoding = 4; lastKnownFileType = sourcecode.c.objc; path = XPopoverView.m; sourceTree = "<group>"; };
		264D36771CB7B2390063918E /* XPopOverWindow.h */ = {isa = PBXFileReference; fileEncoding = 4; lastKnownFileType = sourcecode.c.h; path = XPopOverWindow.h; sourceTree = "<group>"; };
		264D36781CB7B2390063918E /* XPopOverWindow.m */ = {isa = PBXFileReference; fileEncoding = 4; lastKnownFileType = sourcecode.c.objc; path = XPopOverWindow.m; sourceTree = "<group>"; };
		264D36791CB7B2390063918E /* XPRLMCollectionViewController.h */ = {isa = PBXFileReference; fileEncoding = 4; lastKnownFileType = sourcecode.c.h; path = XPRLMCollectionViewController.h; sourceTree = "<group>"; };
		264D367A1CB7B2390063918E /* XPRLMCollectionViewController.m */ = {isa = PBXFileReference; fileEncoding = 4; lastKnownFileType = sourcecode.c.objc; path = XPRLMCollectionViewController.m; sourceTree = "<group>"; };
		264D367D1CB7B2390063918E /* XPullToRefreshView.h */ = {isa = PBXFileReference; fileEncoding = 4; lastKnownFileType = sourcecode.c.h; path = XPullToRefreshView.h; sourceTree = "<group>"; };
		264D367E1CB7B2390063918E /* XPullToRefreshView.m */ = {isa = PBXFileReference; fileEncoding = 4; lastKnownFileType = sourcecode.c.objc; path = XPullToRefreshView.m; sourceTree = "<group>"; };
		264D367F1CB7B2390063918E /* XTableCellGroupStyleItem.h */ = {isa = PBXFileReference; fileEncoding = 4; lastKnownFileType = sourcecode.c.h; path = XTableCellGroupStyleItem.h; sourceTree = "<group>"; };
		264D36801CB7B2390063918E /* XTableCellGroupStyleItem.m */ = {isa = PBXFileReference; fileEncoding = 4; lastKnownFileType = sourcecode.c.objc; path = XTableCellGroupStyleItem.m; sourceTree = "<group>"; };
		264D36811CB7B2390063918E /* XTableEmptyView.h */ = {isa = PBXFileReference; fileEncoding = 4; lastKnownFileType = sourcecode.c.h; path = XTableEmptyView.h; sourceTree = "<group>"; };
		264D36821CB7B2390063918E /* XTableEmptyView.m */ = {isa = PBXFileReference; fileEncoding = 4; lastKnownFileType = sourcecode.c.objc; path = XTableEmptyView.m; sourceTree = "<group>"; };
		264D36831CB7B2390063918E /* XTableLoadMoreView.h */ = {isa = PBXFileReference; fileEncoding = 4; lastKnownFileType = sourcecode.c.h; path = XTableLoadMoreView.h; sourceTree = "<group>"; };
		264D36841CB7B2390063918E /* XTableLoadMoreView.m */ = {isa = PBXFileReference; fileEncoding = 4; lastKnownFileType = sourcecode.c.objc; path = XTableLoadMoreView.m; sourceTree = "<group>"; };
		264D36851CB7B2390063918E /* XTableView.h */ = {isa = PBXFileReference; fileEncoding = 4; lastKnownFileType = sourcecode.c.h; path = XTableView.h; sourceTree = "<group>"; };
		264D36861CB7B2390063918E /* XTableView.m */ = {isa = PBXFileReference; fileEncoding = 4; lastKnownFileType = sourcecode.c.objc; path = XTableView.m; sourceTree = "<group>"; };
		264D36871CB7B2390063918E /* XTableViewCell.h */ = {isa = PBXFileReference; fileEncoding = 4; lastKnownFileType = sourcecode.c.h; path = XTableViewCell.h; sourceTree = "<group>"; };
		264D36881CB7B2390063918E /* XTableViewCell.m */ = {isa = PBXFileReference; fileEncoding = 4; lastKnownFileType = sourcecode.c.objc; path = XTableViewCell.m; sourceTree = "<group>"; };
		264D36891CB7B2390063918E /* XTableViewCellItem.h */ = {isa = PBXFileReference; fileEncoding = 4; lastKnownFileType = sourcecode.c.h; path = XTableViewCellItem.h; sourceTree = "<group>"; };
		264D368A1CB7B2390063918E /* XTableViewCellItem.m */ = {isa = PBXFileReference; fileEncoding = 4; lastKnownFileType = sourcecode.c.objc; path = XTableViewCellItem.m; sourceTree = "<group>"; };
		264D368B1CB7B2390063918E /* XTableViewController.h */ = {isa = PBXFileReference; fileEncoding = 4; lastKnownFileType = sourcecode.c.h; path = XTableViewController.h; sourceTree = "<group>"; };
		264D368C1CB7B2390063918E /* XTableViewController.m */ = {isa = PBXFileReference; fileEncoding = 4; lastKnownFileType = sourcecode.c.objc; path = XTableViewController.m; sourceTree = "<group>"; };
		264D368F1CB7B2390063918E /* XViewController.h */ = {isa = PBXFileReference; fileEncoding = 4; lastKnownFileType = sourcecode.c.h; path = XViewController.h; sourceTree = "<group>"; };
		264D36901CB7B2390063918E /* XViewController.m */ = {isa = PBXFileReference; fileEncoding = 4; lastKnownFileType = sourcecode.c.objc; path = XViewController.m; sourceTree = "<group>"; };
		264D36B51CB7B63C0063918E /* JFABaseCategoryHeader.h */ = {isa = PBXFileReference; fileEncoding = 4; lastKnownFileType = sourcecode.c.h; path = JFABaseCategoryHeader.h; sourceTree = "<group>"; };
		264D36CA1CB7B8010063918E /* AIMediaPlayMP4.h */ = {isa = PBXFileReference; fileEncoding = 4; lastKnownFileType = sourcecode.c.h; path = AIMediaPlayMP4.h; sourceTree = "<group>"; };
		264D36CB1CB7B8010063918E /* AIMediaPlayMP4.m */ = {isa = PBXFileReference; fileEncoding = 4; lastKnownFileType = sourcecode.c.objc; path = AIMediaPlayMP4.m; sourceTree = "<group>"; };
		264D36CC1CB7B8010063918E /* AIViewFactory.h */ = {isa = PBXFileReference; fileEncoding = 4; lastKnownFileType = sourcecode.c.h; path = AIViewFactory.h; sourceTree = "<group>"; };
		264D36CD1CB7B8010063918E /* AIViewFactory.m */ = {isa = PBXFileReference; fileEncoding = 4; lastKnownFileType = sourcecode.c.objc; path = AIViewFactory.m; sourceTree = "<group>"; };
		264D36CE1CB7B8010063918E /* App.h */ = {isa = PBXFileReference; fileEncoding = 4; lastKnownFileType = sourcecode.c.h; path = App.h; sourceTree = "<group>"; };
		264D36CF1CB7B8010063918E /* App.m */ = {isa = PBXFileReference; fileEncoding = 4; lastKnownFileType = sourcecode.c.objc; path = App.m; sourceTree = "<group>"; };
		264D36D01CB7B8010063918E /* JFABaseService.h */ = {isa = PBXFileReference; fileEncoding = 4; lastKnownFileType = sourcecode.c.h; path = JFABaseService.h; sourceTree = "<group>"; };
		264D36D11CB7B8010063918E /* JFABaseService.m */ = {isa = PBXFileReference; fileEncoding = 4; lastKnownFileType = sourcecode.c.objc; path = JFABaseService.m; sourceTree = "<group>"; };
		264D36D21CB7B8010063918E /* JFASubApps.h */ = {isa = PBXFileReference; fileEncoding = 4; lastKnownFileType = sourcecode.c.h; path = JFASubApps.h; sourceTree = "<group>"; };
		264D36D31CB7B8010063918E /* JFASubApps.m */ = {isa = PBXFileReference; fileEncoding = 4; lastKnownFileType = sourcecode.c.objc; path = JFASubApps.m; sourceTree = "<group>"; };
		264D36D41CB7B8010063918E /* SearchManager.h */ = {isa = PBXFileReference; fileEncoding = 4; lastKnownFileType = sourcecode.c.h; path = SearchManager.h; sourceTree = "<group>"; };
		264D36D51CB7B8010063918E /* SearchManager.m */ = {isa = PBXFileReference; fileEncoding = 4; lastKnownFileType = sourcecode.c.objc; path = SearchManager.m; sourceTree = "<group>"; };
		264D36D61CB7B8010063918E /* SearchText.h */ = {isa = PBXFileReference; fileEncoding = 4; lastKnownFileType = sourcecode.c.h; path = SearchText.h; sourceTree = "<group>"; };
		264D36D71CB7B8010063918E /* SearchText.m */ = {isa = PBXFileReference; fileEncoding = 4; lastKnownFileType = sourcecode.c.objc; path = SearchText.m; sourceTree = "<group>"; };
		264D36D81CB7B8010063918E /* XFont.h */ = {isa = PBXFileReference; fileEncoding = 4; lastKnownFileType = sourcecode.c.h; path = XFont.h; sourceTree = "<group>"; };
		264D36D91CB7B8010063918E /* XFont.m */ = {isa = PBXFileReference; fileEncoding = 4; lastKnownFileType = sourcecode.c.objc; path = XFont.m; sourceTree = "<group>"; };
		264D36DA1CB7B8010063918E /* XImageCache.h */ = {isa = PBXFileReference; fileEncoding = 4; lastKnownFileType = sourcecode.c.h; path = XImageCache.h; sourceTree = "<group>"; };
		264D36DB1CB7B8010063918E /* XImageCache.m */ = {isa = PBXFileReference; fileEncoding = 4; lastKnownFileType = sourcecode.c.objc; path = XImageCache.m; sourceTree = "<group>"; };
		264D36DC1CB7B8010063918E /* XObject.h */ = {isa = PBXFileReference; fileEncoding = 4; lastKnownFileType = sourcecode.c.h; path = XObject.h; sourceTree = "<group>"; };
		264D36DD1CB7B8010063918E /* XObject.m */ = {isa = PBXFileReference; fileEncoding = 4; lastKnownFileType = sourcecode.c.objc; path = XObject.m; sourceTree = "<group>"; };
		264D36DE1CB7B8010063918E /* XPRLMWrapper.h */ = {isa = PBXFileReference; fileEncoding = 4; lastKnownFileType = sourcecode.c.h; path = XPRLMWrapper.h; sourceTree = "<group>"; };
		264D36DF1CB7B8010063918E /* XPRLMWrapper.m */ = {isa = PBXFileReference; fileEncoding = 4; lastKnownFileType = sourcecode.c.objc; path = XPRLMWrapper.m; sourceTree = "<group>"; };
		264D36E01CB7B8010063918E /* XThread.h */ = {isa = PBXFileReference; fileEncoding = 4; lastKnownFileType = sourcecode.c.h; path = XThread.h; sourceTree = "<group>"; };
		264D36E11CB7B8010063918E /* XThread.m */ = {isa = PBXFileReference; fileEncoding = 4; lastKnownFileType = sourcecode.c.objc; path = XThread.m; sourceTree = "<group>"; };
		409DF830A900C142E06320AD /* Pods-JFABaseKit.debug.xcconfig */ = {isa = PBXFileReference; includeInIndex = 1; lastKnownFileType = text.xcconfig; name = "Pods-JFABaseKit.debug.xcconfig"; path = "Pods/Target Support Files/Pods-JFABaseKit/Pods-JFABaseKit.debug.xcconfig"; sourceTree = "<group>"; };
		4391981DA5D8A854311BB898 /* Pods-JFABaseKitTests.debug.xcconfig */ = {isa = PBXFileReference; includeInIndex = 1; lastKnownFileType = text.xcconfig; name = "Pods-JFABaseKitTests.debug.xcconfig"; path = "Pods/Target Support Files/Pods-JFABaseKitTests/Pods-JFABaseKitTests.debug.xcconfig"; sourceTree = "<group>"; };
		4F86E188E4F15D6EB7203AF7 /* libPods-JFABaseKitTests.a */ = {isa = PBXFileReference; explicitFileType = archive.ar; includeInIndex = 0; path = "libPods-JFABaseKitTests.a"; sourceTree = BUILT_PRODUCTS_DIR; };
		7DA66E465B4F9E2D0904E6E7 /* Pods-JFABaseKitTests.release.xcconfig */ = {isa = PBXFileReference; includeInIndex = 1; lastKnownFileType = text.xcconfig; name = "Pods-JFABaseKitTests.release.xcconfig"; path = "Pods/Target Support Files/Pods-JFABaseKitTests/Pods-JFABaseKitTests.release.xcconfig"; sourceTree = "<group>"; };
		DF39044B7C43C1F6487FC6C2 /* libPods-JFABaseKit.a */ = {isa = PBXFileReference; explicitFileType = archive.ar; includeInIndex = 0; path = "libPods-JFABaseKit.a"; sourceTree = BUILT_PRODUCTS_DIR; };
		E7E880CCD60A3B1EDCB103CA /* Pods-JFABaseKit.release.xcconfig */ = {isa = PBXFileReference; includeInIndex = 1; lastKnownFileType = text.xcconfig; name = "Pods-JFABaseKit.release.xcconfig"; path = "Pods/Target Support Files/Pods-JFABaseKit/Pods-JFABaseKit.release.xcconfig"; sourceTree = "<group>"; };
		F8E147D91B8EBBE7008ACE01 /* JFABaseKit.app */ = {isa = PBXFileReference; explicitFileType = wrapper.application; includeInIndex = 0; path = JFABaseKit.app; sourceTree = BUILT_PRODUCTS_DIR; };
		F8E147DD1B8EBBE7008ACE01 /* Info.plist */ = {isa = PBXFileReference; lastKnownFileType = text.plist.xml; path = Info.plist; sourceTree = "<group>"; };
		F8E147DE1B8EBBE7008ACE01 /* main.m */ = {isa = PBXFileReference; lastKnownFileType = sourcecode.c.objc; path = main.m; sourceTree = "<group>"; };
		F8E147E01B8EBBE7008ACE01 /* AppDelegate.h */ = {isa = PBXFileReference; lastKnownFileType = sourcecode.c.h; path = AppDelegate.h; sourceTree = "<group>"; };
		F8E147E11B8EBBE8008ACE01 /* AppDelegate.m */ = {isa = PBXFileReference; lastKnownFileType = sourcecode.c.objc; path = AppDelegate.m; sourceTree = "<group>"; };
		F8E147E31B8EBBE8008ACE01 /* ViewController.h */ = {isa = PBXFileReference; lastKnownFileType = sourcecode.c.h; path = ViewController.h; sourceTree = "<group>"; };
		F8E147E41B8EBBE8008ACE01 /* ViewController.m */ = {isa = PBXFileReference; lastKnownFileType = sourcecode.c.objc; path = ViewController.m; sourceTree = "<group>"; };
		F8E147E71B8EBBE8008ACE01 /* Base */ = {isa = PBXFileReference; lastKnownFileType = file.storyboard; name = Base; path = Base.lproj/Main.storyboard; sourceTree = "<group>"; };
		F8E147E91B8EBBE8008ACE01 /* Images.xcassets */ = {isa = PBXFileReference; lastKnownFileType = folder.assetcatalog; path = Images.xcassets; sourceTree = "<group>"; };
		F8E147EC1B8EBBE8008ACE01 /* Base */ = {isa = PBXFileReference; lastKnownFileType = file.xib; name = Base; path = Base.lproj/LaunchScreen.xib; sourceTree = "<group>"; };
		F8E147F21B8EBBE8008ACE01 /* JFABaseKitTests.xctest */ = {isa = PBXFileReference; explicitFileType = wrapper.cfbundle; includeInIndex = 0; path = JFABaseKitTests.xctest; sourceTree = BUILT_PRODUCTS_DIR; };
		F8E147F71B8EBBE8008ACE01 /* Info.plist */ = {isa = PBXFileReference; lastKnownFileType = text.plist.xml; path = Info.plist; sourceTree = "<group>"; };
		F8E147F81B8EBBE8008ACE01 /* JFABaseKitTests.m */ = {isa = PBXFileReference; lastKnownFileType = sourcecode.c.objc; path = JFABaseKitTests.m; sourceTree = "<group>"; };
		F8E1485B1B8EEFB0008ACE01 /* JFATableCellItem.h */ = {isa = PBXFileReference; fileEncoding = 4; lastKnownFileType = sourcecode.c.h; name = JFATableCellItem.h; path = JFABaseKitPodFiles/JFABaseItem/JFATableCellItem.h; sourceTree = SOURCE_ROOT; };
		F8E1485C1B8EEFB0008ACE01 /* JFATableCellItem.m */ = {isa = PBXFileReference; fileEncoding = 4; lastKnownFileType = sourcecode.c.objc; name = JFATableCellItem.m; path = JFABaseKitPodFiles/JFABaseItem/JFATableCellItem.m; sourceTree = SOURCE_ROOT; };
		F8E1485D1B8EEFB0008ACE01 /* JFATableGroupCellItem.h */ = {isa = PBXFileReference; fileEncoding = 4; lastKnownFileType = sourcecode.c.h; name = JFATableGroupCellItem.h; path = JFABaseKitPodFiles/JFABaseItem/JFATableGroupCellItem.h; sourceTree = SOURCE_ROOT; };
		F8E1485E1B8EEFB0008ACE01 /* JFATableGroupCellItem.m */ = {isa = PBXFileReference; fileEncoding = 4; lastKnownFileType = sourcecode.c.objc; name = JFATableGroupCellItem.m; path = JFABaseKitPodFiles/JFABaseItem/JFATableGroupCellItem.m; sourceTree = SOURCE_ROOT; };
		F8E148611B8EEFC2008ACE01 /* JFABaseNavController.h */ = {isa = PBXFileReference; fileEncoding = 4; lastKnownFileType = sourcecode.c.h; name = JFABaseNavController.h; path = JFABaseKitPodFiles/JFABaseViewController/JFABaseNavController.h; sourceTree = SOURCE_ROOT; };
		F8E148621B8EEFC2008ACE01 /* JFABaseNavController.m */ = {isa = PBXFileReference; fileEncoding = 4; lastKnownFileType = sourcecode.c.objc; name = JFABaseNavController.m; path = JFABaseKitPodFiles/JFABaseViewController/JFABaseNavController.m; sourceTree = SOURCE_ROOT; };
		F8E148631B8EEFC2008ACE01 /* JFABaseTableGroupViewController.h */ = {isa = PBXFileReference; fileEncoding = 4; lastKnownFileType = sourcecode.c.h; name = JFABaseTableGroupViewController.h; path = JFABaseKitPodFiles/JFABaseViewController/JFABaseTableGroupViewController.h; sourceTree = SOURCE_ROOT; };
		F8E148641B8EEFC2008ACE01 /* JFABaseTableGroupViewController.m */ = {isa = PBXFileReference; fileEncoding = 4; lastKnownFileType = sourcecode.c.objc; name = JFABaseTableGroupViewController.m; path = JFABaseKitPodFiles/JFABaseViewController/JFABaseTableGroupViewController.m; sourceTree = SOURCE_ROOT; };
		F8E148651B8EEFC2008ACE01 /* JFABaseTableViewController.h */ = {isa = PBXFileReference; fileEncoding = 4; lastKnownFileType = sourcecode.c.h; name = JFABaseTableViewController.h; path = JFABaseKitPodFiles/JFABaseViewController/JFABaseTableViewController.h; sourceTree = SOURCE_ROOT; };
		F8E148661B8EEFC2008ACE01 /* JFABaseTableViewController.m */ = {isa = PBXFileReference; fileEncoding = 4; lastKnownFileType = sourcecode.c.objc; name = JFABaseTableViewController.m; path = JFABaseKitPodFiles/JFABaseViewController/JFABaseTableViewController.m; sourceTree = SOURCE_ROOT; };
		F8E148671B8EEFC2008ACE01 /* JFABaseViewController.h */ = {isa = PBXFileReference; fileEncoding = 4; lastKnownFileType = sourcecode.c.h; name = JFABaseViewController.h; path = JFABaseKitPodFiles/JFABaseViewController/JFABaseViewController.h; sourceTree = SOURCE_ROOT; };
		F8E148681B8EEFC2008ACE01 /* JFABaseViewController.m */ = {isa = PBXFileReference; fileEncoding = 4; lastKnownFileType = sourcecode.c.objc; name = JFABaseViewController.m; path = JFABaseKitPodFiles/JFABaseViewController/JFABaseViewController.m; sourceTree = SOURCE_ROOT; };
		F8E148731B8EF830008ACE01 /* UIColor+JFAExtend.h */ = {isa = PBXFileReference; fileEncoding = 4; lastKnownFileType = sourcecode.c.h; path = "UIColor+JFAExtend.h"; sourceTree = "<group>"; };
		F8E148741B8EF830008ACE01 /* UIColor+JFAExtend.m */ = {isa = PBXFileReference; fileEncoding = 4; lastKnownFileType = sourcecode.c.objc; path = "UIColor+JFAExtend.m"; sourceTree = "<group>"; };
		F8E148761B8EFB7F008ACE01 /* NSDictionary+JFASafeObject.h */ = {isa = PBXFileReference; fileEncoding = 4; lastKnownFileType = sourcecode.c.h; path = "NSDictionary+JFASafeObject.h"; sourceTree = "<group>"; };
		F8E148771B8EFB7F008ACE01 /* NSDictionary+JFASafeObject.m */ = {isa = PBXFileReference; fileEncoding = 4; lastKnownFileType = sourcecode.c.objc; path = "NSDictionary+JFASafeObject.m"; sourceTree = "<group>"; };
		F8E148791B8F00F9008ACE01 /* NSMutableDictionary+JFASafeObject.h */ = {isa = PBXFileReference; fileEncoding = 4; lastKnownFileType = sourcecode.c.h; path = "NSMutableDictionary+JFASafeObject.h"; sourceTree = "<group>"; };
		F8E1487A1B8F00F9008ACE01 /* NSMutableDictionary+JFASafeObject.m */ = {isa = PBXFileReference; fileEncoding = 4; lastKnownFileType = sourcecode.c.objc; path = "NSMutableDictionary+JFASafeObject.m"; sourceTree = "<group>"; };
		F8E1487C1B8F1149008ACE01 /* JFABaseDefine.h */ = {isa = PBXFileReference; lastKnownFileType = sourcecode.c.h; name = JFABaseDefine.h; path = JFABaseKitPodFiles/JFABaseDefine.h; sourceTree = SOURCE_ROOT; };
		F8E1487D1B8F126F008ACE01 /* JFABaseKitHeader.h */ = {isa = PBXFileReference; lastKnownFileType = sourcecode.c.h; name = JFABaseKitHeader.h; path = JFABaseKitPodFiles/JFABaseKitHeader.h; sourceTree = SOURCE_ROOT; };
		F8E148811B8F34CA008ACE01 /* JFANetWorkService.h */ = {isa = PBXFileReference; fileEncoding = 4; lastKnownFileType = sourcecode.c.h; path = JFANetWorkService.h; sourceTree = "<group>"; };
		F8E148821B8F34CA008ACE01 /* JFANetWorkService.m */ = {isa = PBXFileReference; fileEncoding = 4; lastKnownFileType = sourcecode.c.objc; path = JFANetWorkService.m; sourceTree = "<group>"; };
		F8E148841B8FF117008ACE01 /* NSString+JFAExtend.h */ = {isa = PBXFileReference; fileEncoding = 4; lastKnownFileType = sourcecode.c.h; path = "NSString+JFAExtend.h"; sourceTree = "<group>"; };
		F8E148851B8FF117008ACE01 /* NSString+JFAExtend.m */ = {isa = PBXFileReference; fileEncoding = 4; lastKnownFileType = sourcecode.c.objc; path = "NSString+JFAExtend.m"; sourceTree = "<group>"; };
		F8E1488C1B8FF5D1008ACE01 /* JFACustomView.h */ = {isa = PBXFileReference; fileEncoding = 4; lastKnownFileType = sourcecode.c.h; path = JFACustomView.h; sourceTree = "<group>"; };
		F8E1488D1B8FF5D1008ACE01 /* JFACustomView.m */ = {isa = PBXFileReference; fileEncoding = 4; lastKnownFileType = sourcecode.c.objc; path = JFACustomView.m; sourceTree = "<group>"; };
		F8E1488F1B8FF5FD008ACE01 /* JFALoadingView.h */ = {isa = PBXFileReference; fileEncoding = 4; lastKnownFileType = sourcecode.c.h; path = JFALoadingView.h; sourceTree = "<group>"; };
		F8E148901B8FF5FD008ACE01 /* JFALoadingView.m */ = {isa = PBXFileReference; fileEncoding = 4; lastKnownFileType = sourcecode.c.objc; path = JFALoadingView.m; sourceTree = "<group>"; };
/* End PBXFileReference section */

/* Begin PBXFrameworksBuildPhase section */
		F8E147D61B8EBBE7008ACE01 /* Frameworks */ = {
			isa = PBXFrameworksBuildPhase;
			buildActionMask = 2147483647;
			files = (
				AECA0A4A5E51EE27F2509120 /* libPods-JFABaseKit.a in Frameworks */,
			);
			runOnlyForDeploymentPostprocessing = 0;
		};
		F8E147EF1B8EBBE8008ACE01 /* Frameworks */ = {
			isa = PBXFrameworksBuildPhase;
			buildActionMask = 2147483647;
			files = (
				5ED6D868C450B939D43498F4 /* libPods-JFABaseKitTests.a in Frameworks */,
			);
			runOnlyForDeploymentPostprocessing = 0;
		};
/* End PBXFrameworksBuildPhase section */

/* Begin PBXGroup section */
		264D36C91CB7B8010063918E /* Model */ = {
			isa = PBXGroup;
			children = (
				264D36CA1CB7B8010063918E /* AIMediaPlayMP4.h */,
				264D36CB1CB7B8010063918E /* AIMediaPlayMP4.m */,
				264D36CC1CB7B8010063918E /* AIViewFactory.h */,
				264D36CD1CB7B8010063918E /* AIViewFactory.m */,
				264D36CE1CB7B8010063918E /* App.h */,
				264D36CF1CB7B8010063918E /* App.m */,
				264D36D01CB7B8010063918E /* JFABaseService.h */,
				264D36D11CB7B8010063918E /* JFABaseService.m */,
				264D36D21CB7B8010063918E /* JFASubApps.h */,
				264D36D31CB7B8010063918E /* JFASubApps.m */,
				264D36D41CB7B8010063918E /* SearchManager.h */,
				264D36D51CB7B8010063918E /* SearchManager.m */,
				264D36D61CB7B8010063918E /* SearchText.h */,
				264D36D71CB7B8010063918E /* SearchText.m */,
				264D36D81CB7B8010063918E /* XFont.h */,
				264D36D91CB7B8010063918E /* XFont.m */,
				264D36DA1CB7B8010063918E /* XImageCache.h */,
				264D36DB1CB7B8010063918E /* XImageCache.m */,
				264D36DC1CB7B8010063918E /* XObject.h */,
				264D36DD1CB7B8010063918E /* XObject.m */,
				264D36DE1CB7B8010063918E /* XPRLMWrapper.h */,
				264D36DF1CB7B8010063918E /* XPRLMWrapper.m */,
				264D36E01CB7B8010063918E /* XThread.h */,
				264D36E11CB7B8010063918E /* XThread.m */,
			);
			name = Model;
			path = JFABaseKitPodFiles/Model;
			sourceTree = SOURCE_ROOT;
		};
		E9677DA3751B357F99744A59 /* Pods */ = {
			isa = PBXGroup;
			children = (
				409DF830A900C142E06320AD /* Pods-JFABaseKit.debug.xcconfig */,
				E7E880CCD60A3B1EDCB103CA /* Pods-JFABaseKit.release.xcconfig */,
				4391981DA5D8A854311BB898 /* Pods-JFABaseKitTests.debug.xcconfig */,
				7DA66E465B4F9E2D0904E6E7 /* Pods-JFABaseKitTests.release.xcconfig */,
			);
			name = Pods;
			sourceTree = "<group>";
		};
		F8E147D01B8EBBE7008ACE01 = {
			isa = PBXGroup;
			children = (
				F8E147DB1B8EBBE7008ACE01 /* JFABaseKit */,
				F8E147F51B8EBBE8008ACE01 /* JFABaseKitTests */,
				F8E147DA1B8EBBE7008ACE01 /* Products */,
				E9677DA3751B357F99744A59 /* Pods */,
				FA868E2FD08741C25D97AA03 /* Frameworks */,
			);
			sourceTree = "<group>";
		};
		F8E147DA1B8EBBE7008ACE01 /* Products */ = {
			isa = PBXGroup;
			children = (
				F8E147D91B8EBBE7008ACE01 /* JFABaseKit.app */,
				F8E147F21B8EBBE8008ACE01 /* JFABaseKitTests.xctest */,
			);
			name = Products;
			sourceTree = "<group>";
		};
		F8E147DB1B8EBBE7008ACE01 /* JFABaseKit */ = {
			isa = PBXGroup;
			children = (
				264D36B51CB7B63C0063918E /* JFABaseCategoryHeader.h */,
				F8E1487D1B8F126F008ACE01 /* JFABaseKitHeader.h */,
				F8E1487C1B8F1149008ACE01 /* JFABaseDefine.h */,
				F8E1488B1B8FF5AE008ACE01 /* JFACustomView */,
				F8E148801B8F34AB008ACE01 /* JFANetWorkService */,
				F8E148721B8EF808008ACE01 /* JFACategory */,
				F8E1480F1B8EBF62008ACE01 /* JFABaseItem */,
				F8E148021B8EBE66008ACE01 /* JFABaseViewController */,
				264D36C91CB7B8010063918E /* Model */,
				F8E147E01B8EBBE7008ACE01 /* AppDelegate.h */,
				F8E147E11B8EBBE8008ACE01 /* AppDelegate.m */,
				F8E147E31B8EBBE8008ACE01 /* ViewController.h */,
				F8E147E41B8EBBE8008ACE01 /* ViewController.m */,
				F8E147E61B8EBBE8008ACE01 /* Main.storyboard */,
				F8E147E91B8EBBE8008ACE01 /* Images.xcassets */,
				F8E147EB1B8EBBE8008ACE01 /* LaunchScreen.xib */,
				F8E147DC1B8EBBE7008ACE01 /* Supporting Files */,
			);
			path = JFABaseKit;
			sourceTree = "<group>";
		};
		F8E147DC1B8EBBE7008ACE01 /* Supporting Files */ = {
			isa = PBXGroup;
			children = (
				F8E147DD1B8EBBE7008ACE01 /* Info.plist */,
				F8E147DE1B8EBBE7008ACE01 /* main.m */,
			);
			name = "Supporting Files";
			sourceTree = "<group>";
		};
		F8E147F51B8EBBE8008ACE01 /* JFABaseKitTests */ = {
			isa = PBXGroup;
			children = (
				F8E147F81B8EBBE8008ACE01 /* JFABaseKitTests.m */,
				F8E147F61B8EBBE8008ACE01 /* Supporting Files */,
			);
			path = JFABaseKitTests;
			sourceTree = "<group>";
		};
		F8E147F61B8EBBE8008ACE01 /* Supporting Files */ = {
			isa = PBXGroup;
			children = (
				F8E147F71B8EBBE8008ACE01 /* Info.plist */,
			);
			name = "Supporting Files";
			sourceTree = "<group>";
		};
		F8E148021B8EBE66008ACE01 /* JFABaseViewController */ = {
			isa = PBXGroup;
			children = (
				F8E148611B8EEFC2008ACE01 /* JFABaseNavController.h */,
				F8E148621B8EEFC2008ACE01 /* JFABaseNavController.m */,
				F8E148631B8EEFC2008ACE01 /* JFABaseTableGroupViewController.h */,
				F8E148641B8EEFC2008ACE01 /* JFABaseTableGroupViewController.m */,
				F8E148651B8EEFC2008ACE01 /* JFABaseTableViewController.h */,
				F8E148661B8EEFC2008ACE01 /* JFABaseTableViewController.m */,
				F8E148671B8EEFC2008ACE01 /* JFABaseViewController.h */,
				F8E148681B8EEFC2008ACE01 /* JFABaseViewController.m */,
			);
			name = JFABaseViewController;
			sourceTree = "<group>";
		};
		F8E1480F1B8EBF62008ACE01 /* JFABaseItem */ = {
			isa = PBXGroup;
			children = (
				F8E1485B1B8EEFB0008ACE01 /* JFATableCellItem.h */,
				F8E1485C1B8EEFB0008ACE01 /* JFATableCellItem.m */,
				F8E1485D1B8EEFB0008ACE01 /* JFATableGroupCellItem.h */,
				F8E1485E1B8EEFB0008ACE01 /* JFATableGroupCellItem.m */,
			);
			name = JFABaseItem;
			sourceTree = "<group>";
		};
		F8E148721B8EF808008ACE01 /* JFACategory */ = {
			isa = PBXGroup;
			children = (
				F8E148731B8EF830008ACE01 /* UIColor+JFAExtend.h */,
				F8E148741B8EF830008ACE01 /* UIColor+JFAExtend.m */,
				F8E148761B8EFB7F008ACE01 /* NSDictionary+JFASafeObject.h */,
				F8E148771B8EFB7F008ACE01 /* NSDictionary+JFASafeObject.m */,
				F8E148791B8F00F9008ACE01 /* NSMutableDictionary+JFASafeObject.h */,
				F8E1487A1B8F00F9008ACE01 /* NSMutableDictionary+JFASafeObject.m */,
				F8E148841B8FF117008ACE01 /* NSString+JFAExtend.h */,
				F8E148851B8FF117008ACE01 /* NSString+JFAExtend.m */,
				264D35A71CB7B08C0063918E /* NSArray+YDTableSectionView.h */,
				264D35A81CB7B08C0063918E /* NSArray+YDTableSectionView.m */,
				264D35A91CB7B08C0063918E /* NSObject+ARCRetainCount.h */,
				264D35AA1CB7B08C0063918E /* NSObject+ARCRetainCount.m */,
				264D35AB1CB7B08C0063918E /* NSString+URLAction.h */,
				264D35AC1CB7B08C0063918E /* NSString+URLAction.m */,
				264D35AD1CB7B08C0063918E /* UIImage+Blurry.h */,
				264D35AE1CB7B08C0063918E /* UIImage+Blurry.m */,
				264D35AF1CB7B08C0063918E /* UIImage+File.h */,
				264D35B01CB7B08C0063918E /* UIImage+File.m */,
				264D35B11CB7B08C0063918E /* UIImage+Stretch.h */,
				264D35B21CB7B08C0063918E /* UIImage+Stretch.m */,
				264D35B31CB7B08C0063918E /* UIImageView+LBBlurredImage.h */,
				264D35B41CB7B08C0063918E /* UIImageView+LBBlurredImage.m */,
				264D35B51CB7B08C0063918E /* UINavigationController+IOS8.h */,
				264D35B61CB7B08C0063918E /* UINavigationController+IOS8.m */,
				264D35B71CB7B08C0063918E /* UIView+ImageFromView.h */,
				264D35B81CB7B08C0063918E /* UIView+ImageFromView.m */,
				264D35B91CB7B08C0063918E /* UIView+Sizes.h */,
				264D35BA1CB7B08C0063918E /* UIView+Sizes.m */,
				264D35BB1CB7B08C0063918E /* UIViewController+Navigation.h */,
				264D35BC1CB7B08C0063918E /* UIViewController+Navigation.m */,
				264D35BF1CB7B08C0063918E /* XBase.h */,
				264D35DF1CB7B08C0063918E /* XPRLMDelegate.h */,
				264D35E01CB7B08C0063918E /* XPRLMState.h */,
				264D35F51CB7B08C0063918E /* YDTableViewDelegate.h */,
				264D35F81CB7B08C0063918E /* UILabel+Helper.h */,
				264D35F91CB7B08C0063918E /* UILabel+Helper.m */,
			);
			name = JFACategory;
			path = JFABaseKitPodFiles/JFACategory;
			sourceTree = SOURCE_ROOT;
		};
		F8E148801B8F34AB008ACE01 /* JFANetWorkService */ = {
			isa = PBXGroup;
			children = (
				F8E148811B8F34CA008ACE01 /* JFANetWorkService.h */,
				F8E148821B8F34CA008ACE01 /* JFANetWorkService.m */,
			);
			name = JFANetWorkService;
			path = JFABaseKitPodFiles/JFANetWorkService;
			sourceTree = SOURCE_ROOT;
		};
		F8E1488B1B8FF5AE008ACE01 /* JFACustomView */ = {
			isa = PBXGroup;
			children = (
				264D36481CB7B2390063918E /* JFANetworkErrorView.h */,
				264D36491CB7B2390063918E /* JFANetworkErrorView.m */,
				264D364A1CB7B2390063918E /* JFASubNetWorkErrorView.h */,
				264D364B1CB7B2390063918E /* JFASubNetWorkErrorView.m */,
				264D364C1CB7B2390063918E /* JFATableViewCell.h */,
				264D364D1CB7B2390063918E /* JFATableViewCell.m */,
				264D364E1CB7B2390063918E /* MBProgressHUD.h */,
				264D364F1CB7B2390063918E /* MBProgressHUD.m */,
				264D36501CB7B2390063918E /* NavigationBarTitleView.h */,
				264D36511CB7B2390063918E /* NavigationBarTitleView.m */,
				264D36521CB7B2390063918E /* ServiceResultErrorView.h */,
				264D36531CB7B2390063918E /* ServiceResultErrorView.m */,
				264D36541CB7B2390063918E /* SMPageControl.h */,
				264D36551CB7B2390063918E /* SMPageControl.m */,
				264D36561CB7B2390063918E /* XCollectionEmptyView.h */,
				264D36571CB7B2390063918E /* XCollectionEmptyView.m */,
				264D36581CB7B2390063918E /* XCollectionView.h */,
				264D36591CB7B2390063918E /* XCollectionView.m */,
				264D365A1CB7B2390063918E /* XCollectionViewCell.h */,
				264D365B1CB7B2390063918E /* XCollectionViewCell.m */,
				264D365C1CB7B2390063918E /* XCollectionViewCellItem.h */,
				264D365D1CB7B2390063918E /* XCollectionViewCellItem.m */,
				264D365E1CB7B2390063918E /* XCollectionViewController.h */,
				264D365F1CB7B2390063918E /* XCollectionViewController.m */,
				264D36601CB7B2390063918E /* XCollectionViewDelegate.h */,
				264D36611CB7B2390063918E /* XCollectionViewFlowLayout.h */,
				264D36621CB7B2390063918E /* XCollectionViewFlowLayout.m */,
				264D36631CB7B2390063918E /* XDatePickerView.h */,
				264D36641CB7B2390063918E /* XDatePickerView.m */,
				264D36691CB7B2390063918E /* XListTableViewController.h */,
				264D366A1CB7B2390063918E /* XListTableViewController.m */,
				264D366B1CB7B2390063918E /* XNavigationBar.h */,
				264D366C1CB7B2390063918E /* XNavigationBar.m */,
				264D366D1CB7B2390063918E /* XNavigationBarButton.h */,
				264D366E1CB7B2390063918E /* XNavigationBarButton.m */,
				264D366F1CB7B2390063918E /* XNavigationController.h */,
				264D36701CB7B2390063918E /* XNavigationController.m */,
				264D36711CB7B2390063918E /* XNavigator.h */,
				264D36721CB7B2390063918E /* XNavigator.m */,
				264D36751CB7B2390063918E /* XPopoverView.h */,
				264D36761CB7B2390063918E /* XPopoverView.m */,
				264D36771CB7B2390063918E /* XPopOverWindow.h */,
				264D36781CB7B2390063918E /* XPopOverWindow.m */,
				264D36791CB7B2390063918E /* XPRLMCollectionViewController.h */,
				264D367A1CB7B2390063918E /* XPRLMCollectionViewController.m */,
				264D367D1CB7B2390063918E /* XPullToRefreshView.h */,
				264D367E1CB7B2390063918E /* XPullToRefreshView.m */,
				264D367F1CB7B2390063918E /* XTableCellGroupStyleItem.h */,
				264D36801CB7B2390063918E /* XTableCellGroupStyleItem.m */,
				264D36811CB7B2390063918E /* XTableEmptyView.h */,
				264D36821CB7B2390063918E /* XTableEmptyView.m */,
				264D36831CB7B2390063918E /* XTableLoadMoreView.h */,
				264D36841CB7B2390063918E /* XTableLoadMoreView.m */,
				264D36851CB7B2390063918E /* XTableView.h */,
				264D36861CB7B2390063918E /* XTableView.m */,
				264D36871CB7B2390063918E /* XTableViewCell.h */,
				264D36881CB7B2390063918E /* XTableViewCell.m */,
				264D36891CB7B2390063918E /* XTableViewCellItem.h */,
				264D368A1CB7B2390063918E /* XTableViewCellItem.m */,
				264D368B1CB7B2390063918E /* XTableViewController.h */,
				264D368C1CB7B2390063918E /* XTableViewController.m */,
				264D368F1CB7B2390063918E /* XViewController.h */,
				264D36901CB7B2390063918E /* XViewController.m */,
				F8E1488C1B8FF5D1008ACE01 /* JFACustomView.h */,
				F8E1488D1B8FF5D1008ACE01 /* JFACustomView.m */,
				F8E1488F1B8FF5FD008ACE01 /* JFALoadingView.h */,
				F8E148901B8FF5FD008ACE01 /* JFALoadingView.m */,
				264D362D1CB7B2240063918E /* AICustomizedMBProgressHud.h */,
				264D362E1CB7B2240063918E /* AICustomizedMBProgressHud.m */,
				264D362F1CB7B2240063918E /* AIProgressView.h */,
				264D36301CB7B2240063918E /* AIProgressView.m */,
				264D36311CB7B2240063918E /* AISearchBar.h */,
				264D36321CB7B2240063918E /* AISearchBar.m */,
				264D36331CB7B2240063918E /* AITaskEmptyView.h */,
				264D36341CB7B2240063918E /* AITaskEmptyView.m */,
				264D36371CB7B2240063918E /* AppStarView.h */,
				264D36381CB7B2240063918E /* AppStarView.m */,
				264D36421CB7B22D0063918E /* JFAErrorView.h */,
				264D36431CB7B22D0063918E /* JFAErrorView.m */,
				264D36441CB7B22D0063918E /* JFAFewCustom.h */,
				264D36451CB7B22D0063918E /* JFAFewCustom.m */,
			);
			name = JFACustomView;
			path = JFABaseKitPodFiles/JFACustomView;
			sourceTree = SOURCE_ROOT;
		};
		FA868E2FD08741C25D97AA03 /* Frameworks */ = {
			isa = PBXGroup;
			children = (
				DF39044B7C43C1F6487FC6C2 /* libPods-JFABaseKit.a */,
				4F86E188E4F15D6EB7203AF7 /* libPods-JFABaseKitTests.a */,
			);
			name = Frameworks;
			sourceTree = "<group>";
		};
/* End PBXGroup section */

/* Begin PBXNativeTarget section */
		F8E147D81B8EBBE7008ACE01 /* JFABaseKit */ = {
			isa = PBXNativeTarget;
			buildConfigurationList = F8E147FC1B8EBBE8008ACE01 /* Build configuration list for PBXNativeTarget "JFABaseKit" */;
			buildPhases = (
				772ECB441AF8CF628379BE60 /* [CP] Check Pods Manifest.lock */,
				F8E147D51B8EBBE7008ACE01 /* Sources */,
				F8E147D61B8EBBE7008ACE01 /* Frameworks */,
				F8E147D71B8EBBE7008ACE01 /* Resources */,
				1EE3DD303C58AAAB790AD620 /* [CP] Embed Pods Frameworks */,
				A0DC9A85EE9729895B945D98 /* [CP] Copy Pods Resources */,
			);
			buildRules = (
			);
			dependencies = (
			);
			name = JFABaseKit;
			productName = JFABaseKit;
			productReference = F8E147D91B8EBBE7008ACE01 /* JFABaseKit.app */;
			productType = "com.apple.product-type.application";
		};
		F8E147F11B8EBBE8008ACE01 /* JFABaseKitTests */ = {
			isa = PBXNativeTarget;
			buildConfigurationList = F8E147FF1B8EBBE8008ACE01 /* Build configuration list for PBXNativeTarget "JFABaseKitTests" */;
			buildPhases = (
				9841515CAFE05E42DE430797 /* [CP] Check Pods Manifest.lock */,
				F8E147EE1B8EBBE8008ACE01 /* Sources */,
				F8E147EF1B8EBBE8008ACE01 /* Frameworks */,
				F8E147F01B8EBBE8008ACE01 /* Resources */,
				D7143382D135011E3B64D4E6 /* [CP] Embed Pods Frameworks */,
				C65F150E748B213B968141AD /* [CP] Copy Pods Resources */,
			);
			buildRules = (
			);
			dependencies = (
				F8E147F41B8EBBE8008ACE01 /* PBXTargetDependency */,
			);
			name = JFABaseKitTests;
			productName = JFABaseKitTests;
			productReference = F8E147F21B8EBBE8008ACE01 /* JFABaseKitTests.xctest */;
			productType = "com.apple.product-type.bundle.unit-test";
		};
/* End PBXNativeTarget section */

/* Begin PBXProject section */
		F8E147D11B8EBBE7008ACE01 /* Project object */ = {
			isa = PBXProject;
			attributes = {
				LastUpgradeCheck = 0640;
				ORGANIZATIONNAME = JF;
				TargetAttributes = {
					F8E147D81B8EBBE7008ACE01 = {
						CreatedOnToolsVersion = 6.4;
					};
					F8E147F11B8EBBE8008ACE01 = {
						CreatedOnToolsVersion = 6.4;
						TestTargetID = F8E147D81B8EBBE7008ACE01;
					};
				};
			};
			buildConfigurationList = F8E147D41B8EBBE7008ACE01 /* Build configuration list for PBXProject "JFABaseKit" */;
			compatibilityVersion = "Xcode 3.2";
			developmentRegion = English;
			hasScannedForEncodings = 0;
			knownRegions = (
				en,
				Base,
			);
			mainGroup = F8E147D01B8EBBE7008ACE01;
			productRefGroup = F8E147DA1B8EBBE7008ACE01 /* Products */;
			projectDirPath = "";
			projectRoot = "";
			targets = (
				F8E147D81B8EBBE7008ACE01 /* JFABaseKit */,
				F8E147F11B8EBBE8008ACE01 /* JFABaseKitTests */,
			);
		};
/* End PBXProject section */

/* Begin PBXResourcesBuildPhase section */
		F8E147D71B8EBBE7008ACE01 /* Resources */ = {
			isa = PBXResourcesBuildPhase;
			buildActionMask = 2147483647;
			files = (
				F8E147E81B8EBBE8008ACE01 /* Main.storyboard in Resources */,
				F8E147ED1B8EBBE8008ACE01 /* LaunchScreen.xib in Resources */,
				F8E147EA1B8EBBE8008ACE01 /* Images.xcassets in Resources */,
			);
			runOnlyForDeploymentPostprocessing = 0;
		};
		F8E147F01B8EBBE8008ACE01 /* Resources */ = {
			isa = PBXResourcesBuildPhase;
			buildActionMask = 2147483647;
			files = (
			);
			runOnlyForDeploymentPostprocessing = 0;
		};
/* End PBXResourcesBuildPhase section */

/* Begin PBXShellScriptBuildPhase section */
		1EE3DD303C58AAAB790AD620 /* [CP] Embed Pods Frameworks */ = {
			isa = PBXShellScriptBuildPhase;
			buildActionMask = 2147483647;
			files = (
			);
			inputPaths = (
			);
			name = "[CP] Embed Pods Frameworks";
			outputPaths = (
			);
			runOnlyForDeploymentPostprocessing = 0;
			shellPath = /bin/sh;
			shellScript = "\"${SRCROOT}/Pods/Target Support Files/Pods-JFABaseKit/Pods-JFABaseKit-frameworks.sh\"\n";
			showEnvVarsInLog = 0;
		};
		772ECB441AF8CF628379BE60 /* [CP] Check Pods Manifest.lock */ = {
			isa = PBXShellScriptBuildPhase;
			buildActionMask = 2147483647;
			files = (
			);
			inputPaths = (
			);
			name = "[CP] Check Pods Manifest.lock";
			outputPaths = (
			);
			runOnlyForDeploymentPostprocessing = 0;
			shellPath = /bin/sh;
			shellScript = "diff \"${PODS_PODFILE_DIR_PATH}/Podfile.lock\" \"${PODS_ROOT}/Manifest.lock\" > /dev/null\nif [ $? != 0 ] ; then\n    # print error to STDERR\n    echo \"error: The sandbox is not in sync with the Podfile.lock. Run 'pod install' or update your CocoaPods installation.\" >&2\n    exit 1\nfi\n";
			showEnvVarsInLog = 0;
		};
		9841515CAFE05E42DE430797 /* [CP] Check Pods Manifest.lock */ = {
			isa = PBXShellScriptBuildPhase;
			buildActionMask = 2147483647;
			files = (
			);
			inputPaths = (
			);
			name = "[CP] Check Pods Manifest.lock";
			outputPaths = (
			);
			runOnlyForDeploymentPostprocessing = 0;
			shellPath = /bin/sh;
			shellScript = "diff \"${PODS_PODFILE_DIR_PATH}/Podfile.lock\" \"${PODS_ROOT}/Manifest.lock\" > /dev/null\nif [ $? != 0 ] ; then\n    # print error to STDERR\n    echo \"error: The sandbox is not in sync with the Podfile.lock. Run 'pod install' or update your CocoaPods installation.\" >&2\n    exit 1\nfi\n";
			showEnvVarsInLog = 0;
		};
		A0DC9A85EE9729895B945D98 /* [CP] Copy Pods Resources */ = {
			isa = PBXShellScriptBuildPhase;
			buildActionMask = 2147483647;
			files = (
			);
			inputPaths = (
			);
			name = "[CP] Copy Pods Resources";
			outputPaths = (
			);
			runOnlyForDeploymentPostprocessing = 0;
			shellPath = /bin/sh;
			shellScript = "\"${SRCROOT}/Pods/Target Support Files/Pods-JFABaseKit/Pods-JFABaseKit-resources.sh\"\n";
			showEnvVarsInLog = 0;
		};
		C65F150E748B213B968141AD /* [CP] Copy Pods Resources */ = {
			isa = PBXShellScriptBuildPhase;
			buildActionMask = 2147483647;
			files = (
			);
			inputPaths = (
			);
			name = "[CP] Copy Pods Resources";
			outputPaths = (
			);
			runOnlyForDeploymentPostprocessing = 0;
			shellPath = /bin/sh;
			shellScript = "\"${SRCROOT}/Pods/Target Support Files/Pods-JFABaseKitTests/Pods-JFABaseKitTests-resources.sh\"\n";
			showEnvVarsInLog = 0;
		};
		D7143382D135011E3B64D4E6 /* [CP] Embed Pods Frameworks */ = {
			isa = PBXShellScriptBuildPhase;
			buildActionMask = 2147483647;
			files = (
			);
			inputPaths = (
			);
			name = "[CP] Embed Pods Frameworks";
			outputPaths = (
			);
			runOnlyForDeploymentPostprocessing = 0;
			shellPath = /bin/sh;
			shellScript = "\"${SRCROOT}/Pods/Target Support Files/Pods-JFABaseKitTests/Pods-JFABaseKitTests-frameworks.sh\"\n";
			showEnvVarsInLog = 0;
		};
/* End PBXShellScriptBuildPhase section */

/* Begin PBXSourcesBuildPhase section */
		F8E147D51B8EBBE7008ACE01 /* Sources */ = {
			isa = PBXSourcesBuildPhase;
			buildActionMask = 2147483647;
			files = (
				264D36A31CB7B2390063918E /* XNavigationBarButton.m in Sources */,
				264D36AE1CB7B2390063918E /* XTableLoadMoreView.m in Sources */,
				264D360C1CB7B08C0063918E /* UIViewController+Navigation.m in Sources */,
				264D363E1CB7B2240063918E /* AITaskEmptyView.m in Sources */,
				264D36971CB7B2390063918E /* SMPageControl.m in Sources */,
				F8E148831B8F34CA008ACE01 /* JFANetWorkService.m in Sources */,
				F8E148861B8FF117008ACE01 /* NSString+JFAExtend.m in Sources */,
				264D36B21CB7B2390063918E /* XTableViewController.m in Sources */,
				F8E148691B8EEFC2008ACE01 /* JFABaseNavController.m in Sources */,
				F8E1486C1B8EEFC2008ACE01 /* JFABaseViewController.m in Sources */,
				264D363C1CB7B2240063918E /* AIProgressView.m in Sources */,
				264D36AD1CB7B2390063918E /* XTableEmptyView.m in Sources */,
				F8E1486A1B8EEFC2008ACE01 /* JFABaseTableGroupViewController.m in Sources */,
				264D36911CB7B2390063918E /* JFANetworkErrorView.m in Sources */,
				264D36951CB7B2390063918E /* NavigationBarTitleView.m in Sources */,
				264D369D1CB7B2390063918E /* XCollectionViewFlowLayout.m in Sources */,
				264D36061CB7B08C0063918E /* UIImage+File.m in Sources */,
				264D36EA1CB7B8010063918E /* XImageCache.m in Sources */,
				264D36A41CB7B2390063918E /* XNavigationController.m in Sources */,
				F8E148911B8FF5FD008ACE01 /* JFALoadingView.m in Sources */,
				264D36A11CB7B2390063918E /* XListTableViewController.m in Sources */,
				264D36931CB7B2390063918E /* JFATableViewCell.m in Sources */,
				264D369E1CB7B2390063918E /* XDatePickerView.m in Sources */,
				264D36E51CB7B8010063918E /* JFABaseService.m in Sources */,
				F8E1488E1B8FF5D1008ACE01 /* JFACustomView.m in Sources */,
				264D36091CB7B08C0063918E /* UINavigationController+IOS8.m in Sources */,
				264D36031CB7B08C0063918E /* NSObject+ARCRetainCount.m in Sources */,
				264D36A91CB7B2390063918E /* XPRLMCollectionViewController.m in Sources */,
				264D36B01CB7B2390063918E /* XTableViewCell.m in Sources */,
				264D363B1CB7B2240063918E /* AICustomizedMBProgressHud.m in Sources */,
				264D36A81CB7B2390063918E /* XPopOverWindow.m in Sources */,
				264D36041CB7B08C0063918E /* NSString+URLAction.m in Sources */,
				264D369C1CB7B2390063918E /* XCollectionViewController.m in Sources */,
				264D369B1CB7B2390063918E /* XCollectionViewCellItem.m in Sources */,
				264D36ED1CB7B8010063918E /* XThread.m in Sources */,
				F8E1486B1B8EEFC2008ACE01 /* JFABaseTableViewController.m in Sources */,
				264D36921CB7B2390063918E /* JFASubNetWorkErrorView.m in Sources */,
				264D36071CB7B08C0063918E /* UIImage+Stretch.m in Sources */,
				264D36E21CB7B8010063918E /* AIMediaPlayMP4.m in Sources */,
				264D36E41CB7B8010063918E /* App.m in Sources */,
				264D363D1CB7B2240063918E /* AISearchBar.m in Sources */,
				264D36981CB7B2390063918E /* XCollectionEmptyView.m in Sources */,
				264D369A1CB7B2390063918E /* XCollectionViewCell.m in Sources */,
				F8E148601B8EEFB0008ACE01 /* JFATableGroupCellItem.m in Sources */,
				264D36961CB7B2390063918E /* ServiceResultErrorView.m in Sources */,
				264D36E71CB7B8010063918E /* SearchManager.m in Sources */,
				264D36051CB7B08C0063918E /* UIImage+Blurry.m in Sources */,
				264D36EC1CB7B8010063918E /* XPRLMWrapper.m in Sources */,
				F8E1487B1B8F00F9008ACE01 /* NSMutableDictionary+JFASafeObject.m in Sources */,
				F8E147E51B8EBBE8008ACE01 /* ViewController.m in Sources */,
				264D36AB1CB7B2390063918E /* XPullToRefreshView.m in Sources */,
				F8E1485F1B8EEFB0008ACE01 /* JFATableCellItem.m in Sources */,
				264D36941CB7B2390063918E /* MBProgressHUD.m in Sources */,
				264D36A21CB7B2390063918E /* XNavigationBar.m in Sources */,
				F8E147E21B8EBBE8008ACE01 /* AppDelegate.m in Sources */,
				F8E148781B8EFB7F008ACE01 /* NSDictionary+JFASafeObject.m in Sources */,
				264D36281CB7B08C0063918E /* UILabel+Helper.m in Sources */,
				264D36081CB7B08C0063918E /* UIImageView+LBBlurredImage.m in Sources */,
				264D36401CB7B2240063918E /* AppStarView.m in Sources */,
				264D36B41CB7B2390063918E /* XViewController.m in Sources */,
				264D360A1CB7B08C0063918E /* UIView+ImageFromView.m in Sources */,
				264D36AC1CB7B2390063918E /* XTableCellGroupStyleItem.m in Sources */,
				264D36461CB7B22D0063918E /* JFAErrorView.m in Sources */,
				F8E147DF1B8EBBE7008ACE01 /* main.m in Sources */,
				264D36991CB7B2390063918E /* XCollectionView.m in Sources */,
				264D36021CB7B08C0063918E /* NSArray+YDTableSectionView.m in Sources */,
				264D36B11CB7B2390063918E /* XTableViewCellItem.m in Sources */,
				F8E148751B8EF830008ACE01 /* UIColor+JFAExtend.m in Sources */,
				264D36E81CB7B8010063918E /* SearchText.m in Sources */,
				264D36E61CB7B8010063918E /* JFASubApps.m in Sources */,
				264D360B1CB7B08C0063918E /* UIView+Sizes.m in Sources */,
				264D36AF1CB7B2390063918E /* XTableView.m in Sources */,
				264D36E91CB7B8010063918E /* XFont.m in Sources */,
				264D36A71CB7B2390063918E /* XPopoverView.m in Sources */,
				264D36A51CB7B2390063918E /* XNavigator.m in Sources */,
				264D36471CB7B22D0063918E /* JFAFewCustom.m in Sources */,
				264D36E31CB7B8010063918E /* AIViewFactory.m in Sources */,
				264D36EB1CB7B8010063918E /* XObject.m in Sources */,
			);
			runOnlyForDeploymentPostprocessing = 0;
		};
		F8E147EE1B8EBBE8008ACE01 /* Sources */ = {
			isa = PBXSourcesBuildPhase;
			buildActionMask = 2147483647;
			files = (
				F8E147F91B8EBBE8008ACE01 /* JFABaseKitTests.m in Sources */,
			);
			runOnlyForDeploymentPostprocessing = 0;
		};
/* End PBXSourcesBuildPhase section */

/* Begin PBXTargetDependency section */
		F8E147F41B8EBBE8008ACE01 /* PBXTargetDependency */ = {
			isa = PBXTargetDependency;
			target = F8E147D81B8EBBE7008ACE01 /* JFABaseKit */;
			targetProxy = F8E147F31B8EBBE8008ACE01 /* PBXContainerItemProxy */;
		};
/* End PBXTargetDependency section */

/* Begin PBXVariantGroup section */
		F8E147E61B8EBBE8008ACE01 /* Main.storyboard */ = {
			isa = PBXVariantGroup;
			children = (
				F8E147E71B8EBBE8008ACE01 /* Base */,
			);
			name = Main.storyboard;
			sourceTree = "<group>";
		};
		F8E147EB1B8EBBE8008ACE01 /* LaunchScreen.xib */ = {
			isa = PBXVariantGroup;
			children = (
				F8E147EC1B8EBBE8008ACE01 /* Base */,
			);
			name = LaunchScreen.xib;
			sourceTree = "<group>";
		};
/* End PBXVariantGroup section */

/* Begin XCBuildConfiguration section */
		F8E147FA1B8EBBE8008ACE01 /* Debug */ = {
			isa = XCBuildConfiguration;
			buildSettings = {
				ALWAYS_SEARCH_USER_PATHS = NO;
				CLANG_CXX_LANGUAGE_STANDARD = "gnu++0x";
				CLANG_CXX_LIBRARY = "libc++";
				CLANG_ENABLE_MODULES = YES;
				CLANG_ENABLE_OBJC_ARC = YES;
				CLANG_WARN_BOOL_CONVERSION = YES;
				CLANG_WARN_CONSTANT_CONVERSION = YES;
				CLANG_WARN_DIRECT_OBJC_ISA_USAGE = YES_ERROR;
				CLANG_WARN_EMPTY_BODY = YES;
				CLANG_WARN_ENUM_CONVERSION = YES;
				CLANG_WARN_INT_CONVERSION = YES;
				CLANG_WARN_OBJC_ROOT_CLASS = YES_ERROR;
				CLANG_WARN_UNREACHABLE_CODE = YES;
				CLANG_WARN__DUPLICATE_METHOD_MATCH = YES;
				"CODE_SIGN_IDENTITY[sdk=iphoneos*]" = "iPhone Developer";
				COPY_PHASE_STRIP = NO;
				DEBUG_INFORMATION_FORMAT = "dwarf-with-dsym";
				ENABLE_STRICT_OBJC_MSGSEND = YES;
				GCC_C_LANGUAGE_STANDARD = gnu99;
				GCC_DYNAMIC_NO_PIC = NO;
				GCC_NO_COMMON_BLOCKS = YES;
				GCC_OPTIMIZATION_LEVEL = 0;
				GCC_PREPROCESSOR_DEFINITIONS = (
					"DEBUG=1",
					"$(inherited)",
				);
				GCC_SYMBOLS_PRIVATE_EXTERN = NO;
				GCC_WARN_64_TO_32_BIT_CONVERSION = YES;
				GCC_WARN_ABOUT_RETURN_TYPE = YES_ERROR;
				GCC_WARN_UNDECLARED_SELECTOR = YES;
				GCC_WARN_UNINITIALIZED_AUTOS = YES_AGGRESSIVE;
				GCC_WARN_UNUSED_FUNCTION = YES;
				GCC_WARN_UNUSED_VARIABLE = YES;
				IPHONEOS_DEPLOYMENT_TARGET = 8.4;
				MTL_ENABLE_DEBUG_INFO = YES;
				ONLY_ACTIVE_ARCH = YES;
				SDKROOT = iphoneos;
			};
			name = Debug;
		};
		F8E147FB1B8EBBE8008ACE01 /* Release */ = {
			isa = XCBuildConfiguration;
			buildSettings = {
				ALWAYS_SEARCH_USER_PATHS = NO;
				CLANG_CXX_LANGUAGE_STANDARD = "gnu++0x";
				CLANG_CXX_LIBRARY = "libc++";
				CLANG_ENABLE_MODULES = YES;
				CLANG_ENABLE_OBJC_ARC = YES;
				CLANG_WARN_BOOL_CONVERSION = YES;
				CLANG_WARN_CONSTANT_CONVERSION = YES;
				CLANG_WARN_DIRECT_OBJC_ISA_USAGE = YES_ERROR;
				CLANG_WARN_EMPTY_BODY = YES;
				CLANG_WARN_ENUM_CONVERSION = YES;
				CLANG_WARN_INT_CONVERSION = YES;
				CLANG_WARN_OBJC_ROOT_CLASS = YES_ERROR;
				CLANG_WARN_UNREACHABLE_CODE = YES;
				CLANG_WARN__DUPLICATE_METHOD_MATCH = YES;
				"CODE_SIGN_IDENTITY[sdk=iphoneos*]" = "iPhone Developer";
				COPY_PHASE_STRIP = NO;
				DEBUG_INFORMATION_FORMAT = "dwarf-with-dsym";
				ENABLE_NS_ASSERTIONS = NO;
				ENABLE_STRICT_OBJC_MSGSEND = YES;
				GCC_C_LANGUAGE_STANDARD = gnu99;
				GCC_NO_COMMON_BLOCKS = YES;
				GCC_WARN_64_TO_32_BIT_CONVERSION = YES;
				GCC_WARN_ABOUT_RETURN_TYPE = YES_ERROR;
				GCC_WARN_UNDECLARED_SELECTOR = YES;
				GCC_WARN_UNINITIALIZED_AUTOS = YES_AGGRESSIVE;
				GCC_WARN_UNUSED_FUNCTION = YES;
				GCC_WARN_UNUSED_VARIABLE = YES;
				IPHONEOS_DEPLOYMENT_TARGET = 8.4;
				MTL_ENABLE_DEBUG_INFO = NO;
				SDKROOT = iphoneos;
				VALIDATE_PRODUCT = YES;
			};
			name = Release;
		};
		F8E147FD1B8EBBE8008ACE01 /* Debug */ = {
			isa = XCBuildConfiguration;
			baseConfigurationReference = 409DF830A900C142E06320AD /* Pods-JFABaseKit.debug.xcconfig */;
			buildSettings = {
				ASSETCATALOG_COMPILER_APPICON_NAME = AppIcon;
				INFOPLIST_FILE = JFABaseKit/Info.plist;
				LD_RUNPATH_SEARCH_PATHS = "$(inherited) @executable_path/Frameworks";
				PRODUCT_NAME = "$(TARGET_NAME)";
			};
			name = Debug;
		};
		F8E147FE1B8EBBE8008ACE01 /* Release */ = {
			isa = XCBuildConfiguration;
			baseConfigurationReference = E7E880CCD60A3B1EDCB103CA /* Pods-JFABaseKit.release.xcconfig */;
			buildSettings = {
				ASSETCATALOG_COMPILER_APPICON_NAME = AppIcon;
				INFOPLIST_FILE = JFABaseKit/Info.plist;
				LD_RUNPATH_SEARCH_PATHS = "$(inherited) @executable_path/Frameworks";
				PRODUCT_NAME = "$(TARGET_NAME)";
			};
			name = Release;
		};
		F8E148001B8EBBE8008ACE01 /* Debug */ = {
			isa = XCBuildConfiguration;
			baseConfigurationReference = 4391981DA5D8A854311BB898 /* Pods-JFABaseKitTests.debug.xcconfig */;
			buildSettings = {
				BUNDLE_LOADER = "$(TEST_HOST)";
				FRAMEWORK_SEARCH_PATHS = (
					"$(SDKROOT)/Developer/Library/Frameworks",
					"$(inherited)",
				);
				GCC_PREPROCESSOR_DEFINITIONS = (
					"DEBUG=1",
					"$(inherited)",
				);
				INFOPLIST_FILE = JFABaseKitTests/Info.plist;
				LD_RUNPATH_SEARCH_PATHS = "$(inherited) @executable_path/Frameworks @loader_path/Frameworks";
				PRODUCT_NAME = "$(TARGET_NAME)";
				TEST_HOST = "$(BUILT_PRODUCTS_DIR)/JFABaseKit.app/JFABaseKit";
			};
			name = Debug;
		};
		F8E148011B8EBBE8008ACE01 /* Release */ = {
			isa = XCBuildConfiguration;
			baseConfigurationReference = 7DA66E465B4F9E2D0904E6E7 /* Pods-JFABaseKitTests.release.xcconfig */;
			buildSettings = {
				BUNDLE_LOADER = "$(TEST_HOST)";
				FRAMEWORK_SEARCH_PATHS = (
					"$(SDKROOT)/Developer/Library/Frameworks",
					"$(inherited)",
				);
				INFOPLIST_FILE = JFABaseKitTests/Info.plist;
				LD_RUNPATH_SEARCH_PATHS = "$(inherited) @executable_path/Frameworks @loader_path/Frameworks";
				PRODUCT_NAME = "$(TARGET_NAME)";
				TEST_HOST = "$(BUILT_PRODUCTS_DIR)/JFABaseKit.app/JFABaseKit";
			};
			name = Release;
		};
/* End XCBuildConfiguration section */

/* Begin XCConfigurationList section */
		F8E147D41B8EBBE7008ACE01 /* Build configuration list for PBXProject "JFABaseKit" */ = {
			isa = XCConfigurationList;
			buildConfigurations = (
				F8E147FA1B8EBBE8008ACE01 /* Debug */,
				F8E147FB1B8EBBE8008ACE01 /* Release */,
			);
			defaultConfigurationIsVisible = 0;
			defaultConfigurationName = Release;
		};
		F8E147FC1B8EBBE8008ACE01 /* Build configuration list for PBXNativeTarget "JFABaseKit" */ = {
			isa = XCConfigurationList;
			buildConfigurations = (
				F8E147FD1B8EBBE8008ACE01 /* Debug */,
				F8E147FE1B8EBBE8008ACE01 /* Release */,
			);
			defaultConfigurationIsVisible = 0;
			defaultConfigurationName = Release;
		};
		F8E147FF1B8EBBE8008ACE01 /* Build configuration list for PBXNativeTarget "JFABaseKitTests" */ = {
			isa = XCConfigurationList;
			buildConfigurations = (
				F8E148001B8EBBE8008ACE01 /* Debug */,
				F8E148011B8EBBE8008ACE01 /* Release */,
			);
			defaultConfigurationIsVisible = 0;
			defaultConfigurationName = Release;
		};
/* End XCConfigurationList section */
	};
	rootObject = F8E147D11B8EBBE7008ACE01 /* Project object */;
}
